// !$*UTF8*$!
{
	archiveVersion = 1;
	classes = {
	};
	objectVersion = 52;
	objects = {

/* Begin PBXBuildFile section */
		B5585832264A8D4100A91281 /* ScriptRunner.Command.swift in Sources */ = {isa = PBXBuildFile; fileRef = B5585831264A8D4100A91281 /* ScriptRunner.Command.swift */; };
		B5585834264A8F5F00A91281 /* ScriptEditor.swift in Sources */ = {isa = PBXBuildFile; fileRef = B5585833264A8F5F00A91281 /* ScriptEditor.swift */; };
		B5585837264A991E00A91281 /* Nearby in Frameworks */ = {isa = PBXBuildFile; productRef = B5585836264A991E00A91281 /* Nearby */; };
		B5585839264BDCFE00A91281 /* ApplicationMonitor.swift in Sources */ = {isa = PBXBuildFile; fileRef = B5585838264BDCFE00A91281 /* ApplicationMonitor.swift */; };
		B558583B264BDE4400A91281 /* NSRunningApplication+Browsers.swift in Sources */ = {isa = PBXBuildFile; fileRef = B558583A264BDE4400A91281 /* NSRunningApplication+Browsers.swift */; };
		B5585841264BE03900A91281 /* TimelineManager.swift in Sources */ = {isa = PBXBuildFile; fileRef = B5585840264BE03900A91281 /* TimelineManager.swift */; };
		B5585843264BE5F000A91281 /* BrowserMonitor.swift in Sources */ = {isa = PBXBuildFile; fileRef = B5585842264BE5F000A91281 /* BrowserMonitor.swift */; };
		B5585845264BE68E00A91281 /* BrowserKind.swift in Sources */ = {isa = PBXBuildFile; fileRef = B5585844264BE68E00A91281 /* BrowserKind.swift */; };
		B5872B76264A16E8001755F6 /* AppDelegate.swift in Sources */ = {isa = PBXBuildFile; fileRef = B5872B75264A16E8001755F6 /* AppDelegate.swift */; };
		B5872B78264A16E8001755F6 /* ContentView.swift in Sources */ = {isa = PBXBuildFile; fileRef = B5872B77264A16E8001755F6 /* ContentView.swift */; };
		B5872B7A264A16E9001755F6 /* Assets.xcassets in Resources */ = {isa = PBXBuildFile; fileRef = B5872B79264A16E9001755F6 /* Assets.xcassets */; };
		B5872B7D264A16E9001755F6 /* Preview Assets.xcassets in Resources */ = {isa = PBXBuildFile; fileRef = B5872B7C264A16E9001755F6 /* Preview Assets.xcassets */; };
		B5872B80264A16E9001755F6 /* Main.storyboard in Resources */ = {isa = PBXBuildFile; fileRef = B5872B7E264A16E9001755F6 /* Main.storyboard */; };
		B5872B89264A16FC001755F6 /* Process+Extensions.swift in Sources */ = {isa = PBXBuildFile; fileRef = B5872B88264A16FC001755F6 /* Process+Extensions.swift */; };
		B5872B8C264A1717001755F6 /* Suite in Frameworks */ = {isa = PBXBuildFile; productRef = B5872B8B264A1717001755F6 /* Suite */; };
		B5872B8E264A17AD001755F6 /* ScriptRunner.swift in Sources */ = {isa = PBXBuildFile; fileRef = B5872B8D264A17AD001755F6 /* ScriptRunner.swift */; };
		B5872B92264BF25F001755F6 /* BrowserURL.swift in Sources */ = {isa = PBXBuildFile; fileRef = B5872B91264BF25F001755F6 /* BrowserURL.swift */; };
		B5872B94264C0008001755F6 /* TimelineManager.Entry.swift in Sources */ = {isa = PBXBuildFile; fileRef = B5872B93264C0008001755F6 /* TimelineManager.Entry.swift */; };
		B5872B96264C0362001755F6 /* NearbyDevices.swift in Sources */ = {isa = PBXBuildFile; fileRef = B5872B95264C0362001755F6 /* NearbyDevices.swift */; };
		B5872B9F264C7F3F001755F6 /* AppDelegate.swift in Sources */ = {isa = PBXBuildFile; fileRef = B5872B9E264C7F3F001755F6 /* AppDelegate.swift */; };
		B5872BA1264C7F3F001755F6 /* SceneDelegate.swift in Sources */ = {isa = PBXBuildFile; fileRef = B5872BA0264C7F3F001755F6 /* SceneDelegate.swift */; };
		B5872BA3264C7F3F001755F6 /* ContentView.swift in Sources */ = {isa = PBXBuildFile; fileRef = B5872BA2264C7F3F001755F6 /* ContentView.swift */; };
		B5872BA5264C7F41001755F6 /* Assets.xcassets in Resources */ = {isa = PBXBuildFile; fileRef = B5872BA4264C7F41001755F6 /* Assets.xcassets */; };
		B5872BA8264C7F41001755F6 /* Preview Assets.xcassets in Resources */ = {isa = PBXBuildFile; fileRef = B5872BA7264C7F41001755F6 /* Preview Assets.xcassets */; };
		B5872BAB264C7F41001755F6 /* LaunchScreen.storyboard in Resources */ = {isa = PBXBuildFile; fileRef = B5872BA9264C7F41001755F6 /* LaunchScreen.storyboard */; };
		B5872BB2264C7F5A001755F6 /* Suite in Frameworks */ = {isa = PBXBuildFile; productRef = B5872BB1264C7F5A001755F6 /* Suite */; };
		B5872BB4264C7F62001755F6 /* Nearby in Frameworks */ = {isa = PBXBuildFile; productRef = B5872BB3264C7F62001755F6 /* Nearby */; };
		B5872BB5264C7FD9001755F6 /* TimelineManager.swift in Sources */ = {isa = PBXBuildFile; fileRef = B5585840264BE03900A91281 /* TimelineManager.swift */; };
		B5872BB6264C7FD9001755F6 /* TimelineManager.Entry.swift in Sources */ = {isa = PBXBuildFile; fileRef = B5872B93264C0008001755F6 /* TimelineManager.Entry.swift */; };
		B5872BB7264C7FE2001755F6 /* BrowserURL.swift in Sources */ = {isa = PBXBuildFile; fileRef = B5872B91264BF25F001755F6 /* BrowserURL.swift */; };
		B5872BB8264C7FE2001755F6 /* BrowserKind.swift in Sources */ = {isa = PBXBuildFile; fileRef = B5585844264BE68E00A91281 /* BrowserKind.swift */; };
		B5872BB9264C80AC001755F6 /* NearbyDevices.swift in Sources */ = {isa = PBXBuildFile; fileRef = B5872B95264C0362001755F6 /* NearbyDevices.swift */; };
		B5872BBC264CB808001755F6 /* Messages.swift in Sources */ = {isa = PBXBuildFile; fileRef = B5872BBB264CB808001755F6 /* Messages.swift */; };
		B5872BBD264CBA7C001755F6 /* Messages.swift in Sources */ = {isa = PBXBuildFile; fileRef = B5872BBB264CB808001755F6 /* Messages.swift */; };
		B5872BC0264CBAED001755F6 /* NearbyDevice+Extensions.swift in Sources */ = {isa = PBXBuildFile; fileRef = B5872BBF264CBAED001755F6 /* NearbyDevice+Extensions.swift */; };
		B5872BC1264CBAED001755F6 /* NearbyDevice+Extensions.swift in Sources */ = {isa = PBXBuildFile; fileRef = B5872BBF264CBAED001755F6 /* NearbyDevice+Extensions.swift */; };
		B5872BC4264CC20D001755F6 /* CrossPlatformKit in Frameworks */ = {isa = PBXBuildFile; productRef = B5872BC3264CC20D001755F6 /* CrossPlatformKit */; };
/* End PBXBuildFile section */

/* Begin PBXFileReference section */
		B5585831264A8D4100A91281 /* ScriptRunner.Command.swift */ = {isa = PBXFileReference; lastKnownFileType = sourcecode.swift; path = ScriptRunner.Command.swift; sourceTree = "<group>"; };
		B5585833264A8F5F00A91281 /* ScriptEditor.swift */ = {isa = PBXFileReference; lastKnownFileType = sourcecode.swift; path = ScriptEditor.swift; sourceTree = "<group>"; };
		B5585838264BDCFE00A91281 /* ApplicationMonitor.swift */ = {isa = PBXFileReference; lastKnownFileType = sourcecode.swift; path = ApplicationMonitor.swift; sourceTree = "<group>"; };
		B558583A264BDE4400A91281 /* NSRunningApplication+Browsers.swift */ = {isa = PBXFileReference; lastKnownFileType = sourcecode.swift; path = "NSRunningApplication+Browsers.swift"; sourceTree = "<group>"; };
		B5585840264BE03900A91281 /* TimelineManager.swift */ = {isa = PBXFileReference; lastKnownFileType = sourcecode.swift; path = TimelineManager.swift; sourceTree = "<group>"; };
		B5585842264BE5F000A91281 /* BrowserMonitor.swift */ = {isa = PBXFileReference; lastKnownFileType = sourcecode.swift; path = BrowserMonitor.swift; sourceTree = "<group>"; };
		B5585844264BE68E00A91281 /* BrowserKind.swift */ = {isa = PBXFileReference; lastKnownFileType = sourcecode.swift; path = BrowserKind.swift; sourceTree = "<group>"; };
		B5872B72264A16E8001755F6 /* Watcher.app */ = {isa = PBXFileReference; explicitFileType = wrapper.application; includeInIndex = 0; path = Watcher.app; sourceTree = BUILT_PRODUCTS_DIR; };
		B5872B75264A16E8001755F6 /* AppDelegate.swift */ = {isa = PBXFileReference; lastKnownFileType = sourcecode.swift; path = AppDelegate.swift; sourceTree = "<group>"; };
		B5872B77264A16E8001755F6 /* ContentView.swift */ = {isa = PBXFileReference; lastKnownFileType = sourcecode.swift; path = ContentView.swift; sourceTree = "<group>"; };
		B5872B79264A16E9001755F6 /* Assets.xcassets */ = {isa = PBXFileReference; lastKnownFileType = folder.assetcatalog; path = Assets.xcassets; sourceTree = "<group>"; };
		B5872B7C264A16E9001755F6 /* Preview Assets.xcassets */ = {isa = PBXFileReference; lastKnownFileType = folder.assetcatalog; path = "Preview Assets.xcassets"; sourceTree = "<group>"; };
		B5872B7F264A16E9001755F6 /* Base */ = {isa = PBXFileReference; lastKnownFileType = file.storyboard; name = Base; path = Base.lproj/Main.storyboard; sourceTree = "<group>"; };
		B5872B81264A16E9001755F6 /* Info.plist */ = {isa = PBXFileReference; lastKnownFileType = text.plist.xml; path = Info.plist; sourceTree = "<group>"; };
		B5872B82264A16E9001755F6 /* Watcher.entitlements */ = {isa = PBXFileReference; lastKnownFileType = text.plist.entitlements; path = Watcher.entitlements; sourceTree = "<group>"; };
		B5872B88264A16FC001755F6 /* Process+Extensions.swift */ = {isa = PBXFileReference; lastKnownFileType = sourcecode.swift; path = "Process+Extensions.swift"; sourceTree = "<group>"; };
		B5872B8D264A17AD001755F6 /* ScriptRunner.swift */ = {isa = PBXFileReference; lastKnownFileType = sourcecode.swift; path = ScriptRunner.swift; sourceTree = "<group>"; };
		B5872B91264BF25F001755F6 /* BrowserURL.swift */ = {isa = PBXFileReference; lastKnownFileType = sourcecode.swift; path = BrowserURL.swift; sourceTree = "<group>"; };
		B5872B93264C0008001755F6 /* TimelineManager.Entry.swift */ = {isa = PBXFileReference; lastKnownFileType = sourcecode.swift; path = TimelineManager.Entry.swift; sourceTree = "<group>"; };
		B5872B95264C0362001755F6 /* NearbyDevices.swift */ = {isa = PBXFileReference; lastKnownFileType = sourcecode.swift; path = NearbyDevices.swift; sourceTree = "<group>"; };
		B5872B97264C1293001755F6 /* Nearby */ = {isa = PBXFileReference; lastKnownFileType = folder; name = Nearby; path = ../../Frameworks/Nearby; sourceTree = "<group>"; };
		B5872B9C264C7F3F001755F6 /* Monitor.app */ = {isa = PBXFileReference; explicitFileType = wrapper.application; includeInIndex = 0; path = Monitor.app; sourceTree = BUILT_PRODUCTS_DIR; };
		B5872B9E264C7F3F001755F6 /* AppDelegate.swift */ = {isa = PBXFileReference; lastKnownFileType = sourcecode.swift; path = AppDelegate.swift; sourceTree = "<group>"; };
		B5872BA0264C7F3F001755F6 /* SceneDelegate.swift */ = {isa = PBXFileReference; lastKnownFileType = sourcecode.swift; path = SceneDelegate.swift; sourceTree = "<group>"; };
		B5872BA2264C7F3F001755F6 /* ContentView.swift */ = {isa = PBXFileReference; lastKnownFileType = sourcecode.swift; path = ContentView.swift; sourceTree = "<group>"; };
		B5872BA4264C7F41001755F6 /* Assets.xcassets */ = {isa = PBXFileReference; lastKnownFileType = folder.assetcatalog; path = Assets.xcassets; sourceTree = "<group>"; };
		B5872BA7264C7F41001755F6 /* Preview Assets.xcassets */ = {isa = PBXFileReference; lastKnownFileType = folder.assetcatalog; path = "Preview Assets.xcassets"; sourceTree = "<group>"; };
		B5872BAA264C7F41001755F6 /* Base */ = {isa = PBXFileReference; lastKnownFileType = file.storyboard; name = Base; path = Base.lproj/LaunchScreen.storyboard; sourceTree = "<group>"; };
		B5872BAC264C7F41001755F6 /* Info.plist */ = {isa = PBXFileReference; lastKnownFileType = text.plist.xml; path = Info.plist; sourceTree = "<group>"; };
		B5872BBB264CB808001755F6 /* Messages.swift */ = {isa = PBXFileReference; lastKnownFileType = sourcecode.swift; path = Messages.swift; sourceTree = "<group>"; };
		B5872BBF264CBAED001755F6 /* NearbyDevice+Extensions.swift */ = {isa = PBXFileReference; lastKnownFileType = sourcecode.swift; path = "NearbyDevice+Extensions.swift"; sourceTree = "<group>"; };
/* End PBXFileReference section */

/* Begin PBXFrameworksBuildPhase section */
		B5872B6F264A16E8001755F6 /* Frameworks */ = {
			isa = PBXFrameworksBuildPhase;
			buildActionMask = 2147483647;
			files = (
				B5872B8C264A1717001755F6 /* Suite in Frameworks */,
				B5585837264A991E00A91281 /* Nearby in Frameworks */,
				B5872BC4264CC20D001755F6 /* CrossPlatformKit in Frameworks */,
			);
			runOnlyForDeploymentPostprocessing = 0;
		};
		B5872B99264C7F3F001755F6 /* Frameworks */ = {
			isa = PBXFrameworksBuildPhase;
			buildActionMask = 2147483647;
			files = (
				B5872BB2264C7F5A001755F6 /* Suite in Frameworks */,
				B5872BB4264C7F62001755F6 /* Nearby in Frameworks */,
			);
			runOnlyForDeploymentPostprocessing = 0;
		};
/* End PBXFrameworksBuildPhase section */

/* Begin PBXGroup section */
		B558583C264BE00000A91281 /* Types */ = {
			isa = PBXGroup;
			children = (
				B5872B75264A16E8001755F6 /* AppDelegate.swift */,
				B5585838264BDCFE00A91281 /* ApplicationMonitor.swift */,
				B5585840264BE03900A91281 /* TimelineManager.swift */,
				B5872B93264C0008001755F6 /* TimelineManager.Entry.swift */,
				B5585842264BE5F000A91281 /* BrowserMonitor.swift */,
				B5872B91264BF25F001755F6 /* BrowserURL.swift */,
				B5585844264BE68E00A91281 /* BrowserKind.swift */,
				B558583F264BE01600A91281 /* Script Runner */,
			);
			path = Types;
			sourceTree = "<group>";
		};
		B558583D264BE00600A91281 /* Extensions */ = {
			isa = PBXGroup;
			children = (
				B558583A264BDE4400A91281 /* NSRunningApplication+Browsers.swift */,
				B5872B88264A16FC001755F6 /* Process+Extensions.swift */,
			);
			path = Extensions;
			sourceTree = "<group>";
		};
		B558583E264BE00D00A91281 /* Screens */ = {
			isa = PBXGroup;
			children = (
				B5872B77264A16E8001755F6 /* ContentView.swift */,
				B5585833264A8F5F00A91281 /* ScriptEditor.swift */,
			);
			path = Screens;
			sourceTree = "<group>";
		};
		B558583F264BE01600A91281 /* Script Runner */ = {
			isa = PBXGroup;
			children = (
				B5872B8D264A17AD001755F6 /* ScriptRunner.swift */,
				B5585831264A8D4100A91281 /* ScriptRunner.Command.swift */,
			);
			path = "Script Runner";
			sourceTree = "<group>";
		};
		B5872B69264A16E8001755F6 = {
			isa = PBXGroup;
			children = (
				B5872B97264C1293001755F6 /* Nearby */,
				B5872B74264A16E8001755F6 /* Watcher */,
				B5872B9D264C7F3F001755F6 /* Monitor */,
				B5872B73264A16E8001755F6 /* Products */,
				B5872BB0264C7F5A001755F6 /* Frameworks */,
			);
			indentWidth = 2;
			sourceTree = "<group>";
			tabWidth = 2;
		};
		B5872B73264A16E8001755F6 /* Products */ = {
			isa = PBXGroup;
			children = (
				B5872B72264A16E8001755F6 /* Watcher.app */,
				B5872B9C264C7F3F001755F6 /* Monitor.app */,
			);
			name = Products;
			sourceTree = "<group>";
		};
		B5872B74264A16E8001755F6 /* Watcher */ = {
			isa = PBXGroup;
			children = (
				B558583C264BE00000A91281 /* Types */,
				B5872BBE264CBA91001755F6 /* Comms */,
				B558583E264BE00D00A91281 /* Screens */,
				B558583D264BE00600A91281 /* Extensions */,
				B5872B79264A16E9001755F6 /* Assets.xcassets */,
				B5872B7E264A16E9001755F6 /* Main.storyboard */,
				B5872B81264A16E9001755F6 /* Info.plist */,
				B5872B82264A16E9001755F6 /* Watcher.entitlements */,
				B5872B7B264A16E9001755F6 /* Preview Content */,
			);
			path = Watcher;
			sourceTree = "<group>";
		};
		B5872B7B264A16E9001755F6 /* Preview Content */ = {
			isa = PBXGroup;
			children = (
				B5872B7C264A16E9001755F6 /* Preview Assets.xcassets */,
			);
			path = "Preview Content";
			sourceTree = "<group>";
		};
		B5872B9D264C7F3F001755F6 /* Monitor */ = {
			isa = PBXGroup;
			children = (
				B5872B9E264C7F3F001755F6 /* AppDelegate.swift */,
				B5872BA0264C7F3F001755F6 /* SceneDelegate.swift */,
				B5872BA2264C7F3F001755F6 /* ContentView.swift */,
				B5872BA4264C7F41001755F6 /* Assets.xcassets */,
				B5872BA9264C7F41001755F6 /* LaunchScreen.storyboard */,
				B5872BAC264C7F41001755F6 /* Info.plist */,
				B5872BA6264C7F41001755F6 /* Preview Content */,
			);
			path = Monitor;
			sourceTree = "<group>";
		};
		B5872BA6264C7F41001755F6 /* Preview Content */ = {
			isa = PBXGroup;
			children = (
				B5872BA7264C7F41001755F6 /* Preview Assets.xcassets */,
			);
			path = "Preview Content";
			sourceTree = "<group>";
		};
		B5872BB0264C7F5A001755F6 /* Frameworks */ = {
			isa = PBXGroup;
			children = (
			);
			name = Frameworks;
			sourceTree = "<group>";
		};
		B5872BBE264CBA91001755F6 /* Comms */ = {
			isa = PBXGroup;
			children = (
				B5872B95264C0362001755F6 /* NearbyDevices.swift */,
				B5872BBF264CBAED001755F6 /* NearbyDevice+Extensions.swift */,
				B5872BBB264CB808001755F6 /* Messages.swift */,
			);
			path = Comms;
			sourceTree = "<group>";
		};
/* End PBXGroup section */

/* Begin PBXNativeTarget section */
		B5872B71264A16E8001755F6 /* Watcher */ = {
			isa = PBXNativeTarget;
			buildConfigurationList = B5872B85264A16E9001755F6 /* Build configuration list for PBXNativeTarget "Watcher" */;
			buildPhases = (
				B5872B6E264A16E8001755F6 /* Sources */,
				B5872B6F264A16E8001755F6 /* Frameworks */,
				B5872B70264A16E8001755F6 /* Resources */,
			);
			buildRules = (
			);
			dependencies = (
			);
			name = Watcher;
			packageProductDependencies = (
				B5872B8B264A1717001755F6 /* Suite */,
				B5585836264A991E00A91281 /* Nearby */,
				B5872BC3264CC20D001755F6 /* CrossPlatformKit */,
			);
			productName = Watcher;
			productReference = B5872B72264A16E8001755F6 /* Watcher.app */;
			productType = "com.apple.product-type.application";
		};
		B5872B9B264C7F3F001755F6 /* Monitor */ = {
			isa = PBXNativeTarget;
			buildConfigurationList = B5872BAD264C7F41001755F6 /* Build configuration list for PBXNativeTarget "Monitor" */;
			buildPhases = (
				B5872B98264C7F3F001755F6 /* Sources */,
				B5872B99264C7F3F001755F6 /* Frameworks */,
				B5872B9A264C7F3F001755F6 /* Resources */,
			);
			buildRules = (
			);
			dependencies = (
			);
			name = Monitor;
			packageProductDependencies = (
				B5872BB1264C7F5A001755F6 /* Suite */,
				B5872BB3264C7F62001755F6 /* Nearby */,
			);
			productName = Monitor;
			productReference = B5872B9C264C7F3F001755F6 /* Monitor.app */;
			productType = "com.apple.product-type.application";
		};
/* End PBXNativeTarget section */

/* Begin PBXProject section */
		B5872B6A264A16E8001755F6 /* Project object */ = {
			isa = PBXProject;
			attributes = {
				LastSwiftUpdateCheck = 1250;
				LastUpgradeCheck = 1250;
				TargetAttributes = {
					B5872B71264A16E8001755F6 = {
						CreatedOnToolsVersion = 12.5;
					};
					B5872B9B264C7F3F001755F6 = {
						CreatedOnToolsVersion = 12.5;
					};
				};
			};
			buildConfigurationList = B5872B6D264A16E8001755F6 /* Build configuration list for PBXProject "Watcher" */;
			compatibilityVersion = "Xcode 9.3";
			developmentRegion = en;
			hasScannedForEncodings = 0;
			knownRegions = (
				en,
				Base,
			);
			mainGroup = B5872B69264A16E8001755F6;
			packageReferences = (
				B5872B8A264A1717001755F6 /* XCRemoteSwiftPackageReference "suite" */,
				B5585835264A991E00A91281 /* XCRemoteSwiftPackageReference "nearby" */,
				B5872BC2264CC20D001755F6 /* XCRemoteSwiftPackageReference "CrossPlatformKit" */,
			);
			productRefGroup = B5872B73264A16E8001755F6 /* Products */;
			projectDirPath = "";
			projectRoot = "";
			targets = (
				B5872B71264A16E8001755F6 /* Watcher */,
				B5872B9B264C7F3F001755F6 /* Monitor */,
			);
		};
/* End PBXProject section */

/* Begin PBXResourcesBuildPhase section */
		B5872B70264A16E8001755F6 /* Resources */ = {
			isa = PBXResourcesBuildPhase;
			buildActionMask = 2147483647;
			files = (
				B5872B80264A16E9001755F6 /* Main.storyboard in Resources */,
				B5872B7D264A16E9001755F6 /* Preview Assets.xcassets in Resources */,
				B5872B7A264A16E9001755F6 /* Assets.xcassets in Resources */,
			);
			runOnlyForDeploymentPostprocessing = 0;
		};
		B5872B9A264C7F3F001755F6 /* Resources */ = {
			isa = PBXResourcesBuildPhase;
			buildActionMask = 2147483647;
			files = (
				B5872BAB264C7F41001755F6 /* LaunchScreen.storyboard in Resources */,
				B5872BA8264C7F41001755F6 /* Preview Assets.xcassets in Resources */,
				B5872BA5264C7F41001755F6 /* Assets.xcassets in Resources */,
			);
			runOnlyForDeploymentPostprocessing = 0;
		};
/* End PBXResourcesBuildPhase section */

/* Begin PBXSourcesBuildPhase section */
		B5872B6E264A16E8001755F6 /* Sources */ = {
			isa = PBXSourcesBuildPhase;
			buildActionMask = 2147483647;
			files = (
				B5585832264A8D4100A91281 /* ScriptRunner.Command.swift in Sources */,
				B558583B264BDE4400A91281 /* NSRunningApplication+Browsers.swift in Sources */,
				B5872B92264BF25F001755F6 /* BrowserURL.swift in Sources */,
				B5585834264A8F5F00A91281 /* ScriptEditor.swift in Sources */,
				B5872BC0264CBAED001755F6 /* NearbyDevice+Extensions.swift in Sources */,
				B5585843264BE5F000A91281 /* BrowserMonitor.swift in Sources */,
				B5585839264BDCFE00A91281 /* ApplicationMonitor.swift in Sources */,
				B5872B8E264A17AD001755F6 /* ScriptRunner.swift in Sources */,
				B5872BBC264CB808001755F6 /* Messages.swift in Sources */,
				B5872B89264A16FC001755F6 /* Process+Extensions.swift in Sources */,
				B5872B78264A16E8001755F6 /* ContentView.swift in Sources */,
				B5872B76264A16E8001755F6 /* AppDelegate.swift in Sources */,
				B5872B94264C0008001755F6 /* TimelineManager.Entry.swift in Sources */,
				B5585845264BE68E00A91281 /* BrowserKind.swift in Sources */,
				B5872B96264C0362001755F6 /* NearbyDevices.swift in Sources */,
				B5585841264BE03900A91281 /* TimelineManager.swift in Sources */,
			);
			runOnlyForDeploymentPostprocessing = 0;
		};
		B5872B98264C7F3F001755F6 /* Sources */ = {
			isa = PBXSourcesBuildPhase;
			buildActionMask = 2147483647;
			files = (
				B5872B9F264C7F3F001755F6 /* AppDelegate.swift in Sources */,
				B5872BBD264CBA7C001755F6 /* Messages.swift in Sources */,
				B5872BB6264C7FD9001755F6 /* TimelineManager.Entry.swift in Sources */,
				B5872BB9264C80AC001755F6 /* NearbyDevices.swift in Sources */,
				B5872BB7264C7FE2001755F6 /* BrowserURL.swift in Sources */,
				B5872BA1264C7F3F001755F6 /* SceneDelegate.swift in Sources */,
				B5872BC1264CBAED001755F6 /* NearbyDevice+Extensions.swift in Sources */,
				B5872BB5264C7FD9001755F6 /* TimelineManager.swift in Sources */,
				B5872BB8264C7FE2001755F6 /* BrowserKind.swift in Sources */,
				B5872BA3264C7F3F001755F6 /* ContentView.swift in Sources */,
			);
			runOnlyForDeploymentPostprocessing = 0;
		};
/* End PBXSourcesBuildPhase section */

/* Begin PBXVariantGroup section */
		B5872B7E264A16E9001755F6 /* Main.storyboard */ = {
			isa = PBXVariantGroup;
			children = (
				B5872B7F264A16E9001755F6 /* Base */,
			);
			name = Main.storyboard;
			sourceTree = "<group>";
		};
		B5872BA9264C7F41001755F6 /* LaunchScreen.storyboard */ = {
			isa = PBXVariantGroup;
			children = (
				B5872BAA264C7F41001755F6 /* Base */,
			);
			name = LaunchScreen.storyboard;
			sourceTree = "<group>";
		};
/* End PBXVariantGroup section */

/* Begin XCBuildConfiguration section */
		B5872B83264A16E9001755F6 /* Debug */ = {
			isa = XCBuildConfiguration;
			buildSettings = {
				ALWAYS_SEARCH_USER_PATHS = NO;
				CLANG_ANALYZER_NONNULL = YES;
				CLANG_ANALYZER_NUMBER_OBJECT_CONVERSION = YES_AGGRESSIVE;
				CLANG_CXX_LANGUAGE_STANDARD = "gnu++14";
				CLANG_CXX_LIBRARY = "libc++";
				CLANG_ENABLE_MODULES = YES;
				CLANG_ENABLE_OBJC_ARC = YES;
				CLANG_ENABLE_OBJC_WEAK = YES;
				CLANG_WARN_BLOCK_CAPTURE_AUTORELEASING = YES;
				CLANG_WARN_BOOL_CONVERSION = YES;
				CLANG_WARN_COMMA = YES;
				CLANG_WARN_CONSTANT_CONVERSION = YES;
				CLANG_WARN_DEPRECATED_OBJC_IMPLEMENTATIONS = YES;
				CLANG_WARN_DIRECT_OBJC_ISA_USAGE = YES_ERROR;
				CLANG_WARN_DOCUMENTATION_COMMENTS = YES;
				CLANG_WARN_EMPTY_BODY = YES;
				CLANG_WARN_ENUM_CONVERSION = YES;
				CLANG_WARN_INFINITE_RECURSION = YES;
				CLANG_WARN_INT_CONVERSION = YES;
				CLANG_WARN_NON_LITERAL_NULL_CONVERSION = YES;
				CLANG_WARN_OBJC_IMPLICIT_RETAIN_SELF = YES;
				CLANG_WARN_OBJC_LITERAL_CONVERSION = YES;
				CLANG_WARN_OBJC_ROOT_CLASS = YES_ERROR;
				CLANG_WARN_QUOTED_INCLUDE_IN_FRAMEWORK_HEADER = YES;
				CLANG_WARN_RANGE_LOOP_ANALYSIS = YES;
				CLANG_WARN_STRICT_PROTOTYPES = YES;
				CLANG_WARN_SUSPICIOUS_MOVE = YES;
				CLANG_WARN_UNGUARDED_AVAILABILITY = YES_AGGRESSIVE;
				CLANG_WARN_UNREACHABLE_CODE = YES;
				CLANG_WARN__DUPLICATE_METHOD_MATCH = YES;
				COPY_PHASE_STRIP = NO;
				DEBUG_INFORMATION_FORMAT = dwarf;
				ENABLE_STRICT_OBJC_MSGSEND = YES;
				ENABLE_TESTABILITY = YES;
				GCC_C_LANGUAGE_STANDARD = gnu11;
				GCC_DYNAMIC_NO_PIC = NO;
				GCC_NO_COMMON_BLOCKS = YES;
				GCC_OPTIMIZATION_LEVEL = 0;
				GCC_PREPROCESSOR_DEFINITIONS = (
					"DEBUG=1",
					"$(inherited)",
				);
				GCC_WARN_64_TO_32_BIT_CONVERSION = YES;
				GCC_WARN_ABOUT_RETURN_TYPE = YES_ERROR;
				GCC_WARN_UNDECLARED_SELECTOR = YES;
				GCC_WARN_UNINITIALIZED_AUTOS = YES_AGGRESSIVE;
				GCC_WARN_UNUSED_FUNCTION = YES;
				GCC_WARN_UNUSED_VARIABLE = YES;
				MACOSX_DEPLOYMENT_TARGET = 11.3;
				MTL_ENABLE_DEBUG_INFO = INCLUDE_SOURCE;
				MTL_FAST_MATH = YES;
				ONLY_ACTIVE_ARCH = YES;
				SDKROOT = macosx;
				SWIFT_ACTIVE_COMPILATION_CONDITIONS = DEBUG;
				SWIFT_OPTIMIZATION_LEVEL = "-Onone";
			};
			name = Debug;
		};
		B5872B84264A16E9001755F6 /* Release */ = {
			isa = XCBuildConfiguration;
			buildSettings = {
				ALWAYS_SEARCH_USER_PATHS = NO;
				CLANG_ANALYZER_NONNULL = YES;
				CLANG_ANALYZER_NUMBER_OBJECT_CONVERSION = YES_AGGRESSIVE;
				CLANG_CXX_LANGUAGE_STANDARD = "gnu++14";
				CLANG_CXX_LIBRARY = "libc++";
				CLANG_ENABLE_MODULES = YES;
				CLANG_ENABLE_OBJC_ARC = YES;
				CLANG_ENABLE_OBJC_WEAK = YES;
				CLANG_WARN_BLOCK_CAPTURE_AUTORELEASING = YES;
				CLANG_WARN_BOOL_CONVERSION = YES;
				CLANG_WARN_COMMA = YES;
				CLANG_WARN_CONSTANT_CONVERSION = YES;
				CLANG_WARN_DEPRECATED_OBJC_IMPLEMENTATIONS = YES;
				CLANG_WARN_DIRECT_OBJC_ISA_USAGE = YES_ERROR;
				CLANG_WARN_DOCUMENTATION_COMMENTS = YES;
				CLANG_WARN_EMPTY_BODY = YES;
				CLANG_WARN_ENUM_CONVERSION = YES;
				CLANG_WARN_INFINITE_RECURSION = YES;
				CLANG_WARN_INT_CONVERSION = YES;
				CLANG_WARN_NON_LITERAL_NULL_CONVERSION = YES;
				CLANG_WARN_OBJC_IMPLICIT_RETAIN_SELF = YES;
				CLANG_WARN_OBJC_LITERAL_CONVERSION = YES;
				CLANG_WARN_OBJC_ROOT_CLASS = YES_ERROR;
				CLANG_WARN_QUOTED_INCLUDE_IN_FRAMEWORK_HEADER = YES;
				CLANG_WARN_RANGE_LOOP_ANALYSIS = YES;
				CLANG_WARN_STRICT_PROTOTYPES = YES;
				CLANG_WARN_SUSPICIOUS_MOVE = YES;
				CLANG_WARN_UNGUARDED_AVAILABILITY = YES_AGGRESSIVE;
				CLANG_WARN_UNREACHABLE_CODE = YES;
				CLANG_WARN__DUPLICATE_METHOD_MATCH = YES;
				COPY_PHASE_STRIP = NO;
				DEBUG_INFORMATION_FORMAT = "dwarf-with-dsym";
				ENABLE_NS_ASSERTIONS = NO;
				ENABLE_STRICT_OBJC_MSGSEND = YES;
				GCC_C_LANGUAGE_STANDARD = gnu11;
				GCC_NO_COMMON_BLOCKS = YES;
				GCC_WARN_64_TO_32_BIT_CONVERSION = YES;
				GCC_WARN_ABOUT_RETURN_TYPE = YES_ERROR;
				GCC_WARN_UNDECLARED_SELECTOR = YES;
				GCC_WARN_UNINITIALIZED_AUTOS = YES_AGGRESSIVE;
				GCC_WARN_UNUSED_FUNCTION = YES;
				GCC_WARN_UNUSED_VARIABLE = YES;
				MACOSX_DEPLOYMENT_TARGET = 11.3;
				MTL_ENABLE_DEBUG_INFO = NO;
				MTL_FAST_MATH = YES;
				SDKROOT = macosx;
				SWIFT_COMPILATION_MODE = wholemodule;
				SWIFT_OPTIMIZATION_LEVEL = "-O";
			};
			name = Release;
		};
		B5872B86264A16E9001755F6 /* Debug */ = {
			isa = XCBuildConfiguration;
			buildSettings = {
				ASSETCATALOG_COMPILER_APPICON_NAME = AppIcon;
				ASSETCATALOG_COMPILER_GLOBAL_ACCENT_COLOR_NAME = AccentColor;
				CODE_SIGN_ENTITLEMENTS = Watcher/Watcher.entitlements;
				CODE_SIGN_STYLE = Automatic;
				COMBINE_HIDPI_IMAGES = YES;
				DEVELOPMENT_ASSET_PATHS = "\"Watcher/Preview Content\"";
				DEVELOPMENT_TEAM = YY6CWUX533;
				ENABLE_HARDENED_RUNTIME = YES;
				ENABLE_PREVIEWS = YES;
				INFOPLIST_FILE = Watcher/Info.plist;
				LD_RUNPATH_SEARCH_PATHS = (
					"$(inherited)",
					"@executable_path/../Frameworks",
				);
				MACOSX_DEPLOYMENT_TARGET = 10.15;
				PRODUCT_BUNDLE_IDENTIFIER = com.standalone.Watcher;
				PRODUCT_NAME = "$(TARGET_NAME)";
				SWIFT_VERSION = 5.0;
			};
			name = Debug;
		};
		B5872B87264A16E9001755F6 /* Release */ = {
			isa = XCBuildConfiguration;
			buildSettings = {
				ASSETCATALOG_COMPILER_APPICON_NAME = AppIcon;
				ASSETCATALOG_COMPILER_GLOBAL_ACCENT_COLOR_NAME = AccentColor;
				CODE_SIGN_ENTITLEMENTS = Watcher/Watcher.entitlements;
				CODE_SIGN_STYLE = Automatic;
				COMBINE_HIDPI_IMAGES = YES;
				DEVELOPMENT_ASSET_PATHS = "\"Watcher/Preview Content\"";
				DEVELOPMENT_TEAM = YY6CWUX533;
				ENABLE_HARDENED_RUNTIME = YES;
				ENABLE_PREVIEWS = YES;
				INFOPLIST_FILE = Watcher/Info.plist;
				LD_RUNPATH_SEARCH_PATHS = (
					"$(inherited)",
					"@executable_path/../Frameworks",
				);
				MACOSX_DEPLOYMENT_TARGET = 10.15;
				PRODUCT_BUNDLE_IDENTIFIER = com.standalone.Watcher;
				PRODUCT_NAME = "$(TARGET_NAME)";
				SWIFT_VERSION = 5.0;
			};
			name = Release;
		};
		B5872BAE264C7F41001755F6 /* Debug */ = {
			isa = XCBuildConfiguration;
			buildSettings = {
				ASSETCATALOG_COMPILER_APPICON_NAME = AppIcon;
				ASSETCATALOG_COMPILER_GLOBAL_ACCENT_COLOR_NAME = AccentColor;
				CODE_SIGN_STYLE = Automatic;
				DEVELOPMENT_ASSET_PATHS = "\"Monitor/Preview Content\"";
				DEVELOPMENT_TEAM = YY6CWUX533;
				ENABLE_PREVIEWS = YES;
				INFOPLIST_FILE = Monitor/Info.plist;
				IPHONEOS_DEPLOYMENT_TARGET = 14.5;
				LD_RUNPATH_SEARCH_PATHS = (
					"$(inherited)",
					"@executable_path/Frameworks",
				);
				PRODUCT_BUNDLE_IDENTIFIER = com.standalone.Monitor;
				PRODUCT_NAME = "$(TARGET_NAME)";
				SDKROOT = iphoneos;
				SWIFT_VERSION = 5.0;
				TARGETED_DEVICE_FAMILY = "1,2";
			};
			name = Debug;
		};
		B5872BAF264C7F41001755F6 /* Release */ = {
			isa = XCBuildConfiguration;
			buildSettings = {
				ASSETCATALOG_COMPILER_APPICON_NAME = AppIcon;
				ASSETCATALOG_COMPILER_GLOBAL_ACCENT_COLOR_NAME = AccentColor;
				CODE_SIGN_STYLE = Automatic;
				DEVELOPMENT_ASSET_PATHS = "\"Monitor/Preview Content\"";
				DEVELOPMENT_TEAM = YY6CWUX533;
				ENABLE_PREVIEWS = YES;
				INFOPLIST_FILE = Monitor/Info.plist;
				IPHONEOS_DEPLOYMENT_TARGET = 14.5;
				LD_RUNPATH_SEARCH_PATHS = (
					"$(inherited)",
					"@executable_path/Frameworks",
				);
				PRODUCT_BUNDLE_IDENTIFIER = com.standalone.Monitor;
				PRODUCT_NAME = "$(TARGET_NAME)";
				SDKROOT = iphoneos;
				SWIFT_VERSION = 5.0;
				TARGETED_DEVICE_FAMILY = "1,2";
				VALIDATE_PRODUCT = YES;
			};
			name = Release;
		};
/* End XCBuildConfiguration section */

/* Begin XCConfigurationList section */
		B5872B6D264A16E8001755F6 /* Build configuration list for PBXProject "Watcher" */ = {
			isa = XCConfigurationList;
			buildConfigurations = (
				B5872B83264A16E9001755F6 /* Debug */,
				B5872B84264A16E9001755F6 /* Release */,
			);
			defaultConfigurationIsVisible = 0;
			defaultConfigurationName = Release;
		};
		B5872B85264A16E9001755F6 /* Build configuration list for PBXNativeTarget "Watcher" */ = {
			isa = XCConfigurationList;
			buildConfigurations = (
				B5872B86264A16E9001755F6 /* Debug */,
				B5872B87264A16E9001755F6 /* Release */,
			);
			defaultConfigurationIsVisible = 0;
			defaultConfigurationName = Release;
		};
		B5872BAD264C7F41001755F6 /* Build configuration list for PBXNativeTarget "Monitor" */ = {
			isa = XCConfigurationList;
			buildConfigurations = (
				B5872BAE264C7F41001755F6 /* Debug */,
				B5872BAF264C7F41001755F6 /* Release */,
			);
			defaultConfigurationIsVisible = 0;
			defaultConfigurationName = Release;
		};
/* End XCConfigurationList section */

/* Begin XCRemoteSwiftPackageReference section */
		B5585835264A991E00A91281 /* XCRemoteSwiftPackageReference "nearby" */ = {
			isa = XCRemoteSwiftPackageReference;
			repositoryURL = "https://github.com/bengottlieb/nearby";
			requirement = {
				kind = upToNextMajorVersion;
				minimumVersion = 0.9.5;
			};
		};
		B5872B8A264A1717001755F6 /* XCRemoteSwiftPackageReference "suite" */ = {
			isa = XCRemoteSwiftPackageReference;
			repositoryURL = "https://github.com/bengottlieb/suite";
			requirement = {
				kind = upToNextMajorVersion;
				minimumVersion = 0.10.54;
			};
		};
		B5872BC2264CC20D001755F6 /* XCRemoteSwiftPackageReference "CrossPlatformKit" */ = {
			isa = XCRemoteSwiftPackageReference;
			repositoryURL = "https://github.com/bengottlieb/CrossPlatformKit";
			requirement = {
				kind = upToNextMajorVersion;
				minimumVersion = 1.0.3;
			};
		};
/* End XCRemoteSwiftPackageReference section */

/* Begin XCSwiftPackageProductDependency section */
		B5585836264A991E00A91281 /* Nearby */ = {
			isa = XCSwiftPackageProductDependency;
			package = B5585835264A991E00A91281 /* XCRemoteSwiftPackageReference "nearby" */;
			productName = Nearby;
		};
		B5872B8B264A1717001755F6 /* Suite */ = {
			isa = XCSwiftPackageProductDependency;
			package = B5872B8A264A1717001755F6 /* XCRemoteSwiftPackageReference "suite" */;
			productName = Suite;
		};
		B5872BB1264C7F5A001755F6 /* Suite */ = {
			isa = XCSwiftPackageProductDependency;
			package = B5872B8A264A1717001755F6 /* XCRemoteSwiftPackageReference "suite" */;
			productName = Suite;
		};
		B5872BB3264C7F62001755F6 /* Nearby */ = {
			isa = XCSwiftPackageProductDependency;
			package = B5585835264A991E00A91281 /* XCRemoteSwiftPackageReference "nearby" */;
			productName = Nearby;
		};
		B5872BC3264CC20D001755F6 /* CrossPlatformKit */ = {
			isa = XCSwiftPackageProductDependency;
			package = B5872BC2264CC20D001755F6 /* XCRemoteSwiftPackageReference "CrossPlatformKit" */;
			productName = CrossPlatformKit;
		};
/* End XCSwiftPackageProductDependency section */
	};
	rootObject = B5872B6A264A16E8001755F6 /* Project object */;
}
