// !$*UTF8*$!
{
	archiveVersion = 1;
	classes = {
	};
	objectVersion = 52;
	objects = {

/* Begin PBXBuildFile section */
		B5111EB929057CB300999B7A /* SortedSummaryView.swift in Sources */ = {isa = PBXBuildFile; fileRef = B5111EB829057CB300999B7A /* SortedSummaryView.swift */; };
		B5111EBA29057CB300999B7A /* SortedSummaryView.swift in Sources */ = {isa = PBXBuildFile; fileRef = B5111EB829057CB300999B7A /* SortedSummaryView.swift */; };
		B5111EBB29057CB300999B7A /* SortedSummaryView.swift in Sources */ = {isa = PBXBuildFile; fileRef = B5111EB829057CB300999B7A /* SortedSummaryView.swift */; };
		B5111EBD2905878E00999B7A /* LocalTimelineManager.swift in Sources */ = {isa = PBXBuildFile; fileRef = B5111EBC2905878E00999B7A /* LocalTimelineManager.swift */; };
		B5111EBE2905878E00999B7A /* LocalTimelineManager.swift in Sources */ = {isa = PBXBuildFile; fileRef = B5111EBC2905878E00999B7A /* LocalTimelineManager.swift */; };
		B5111EBF2905878E00999B7A /* LocalTimelineManager.swift in Sources */ = {isa = PBXBuildFile; fileRef = B5111EBC2905878E00999B7A /* LocalTimelineManager.swift */; };
		B523A4DE2904B382005C530B /* Timeline.Summary.swift in Sources */ = {isa = PBXBuildFile; fileRef = B523A4DD2904B382005C530B /* Timeline.Summary.swift */; };
		B523A4DF2904B382005C530B /* Timeline.Summary.swift in Sources */ = {isa = PBXBuildFile; fileRef = B523A4DD2904B382005C530B /* Timeline.Summary.swift */; };
		B523A4E02904B382005C530B /* Timeline.Summary.swift in Sources */ = {isa = PBXBuildFile; fileRef = B523A4DD2904B382005C530B /* Timeline.Summary.swift */; };
		B534F774279F9C3B004F174C /* KnownApps.swift in Sources */ = {isa = PBXBuildFile; fileRef = B534F773279F9C3B004F174C /* KnownApps.swift */; };
		B534F7A327AB38B0004F174C /* KnownApps.swift in Sources */ = {isa = PBXBuildFile; fileRef = B534F773279F9C3B004F174C /* KnownApps.swift */; };
		B534F7A527ACA367004F174C /* Settings.swift in Sources */ = {isa = PBXBuildFile; fileRef = B534F7A427ACA367004F174C /* Settings.swift */; };
		B534F7A627ACCC8C004F174C /* Settings.swift in Sources */ = {isa = PBXBuildFile; fileRef = B534F7A427ACA367004F174C /* Settings.swift */; };
		B5585832264A8D4100A91281 /* ScriptRunner.Command.swift in Sources */ = {isa = PBXBuildFile; fileRef = B5585831264A8D4100A91281 /* ScriptRunner.Command.swift */; };
		B5585837264A991E00A91281 /* Nearby in Frameworks */ = {isa = PBXBuildFile; productRef = B5585836264A991E00A91281 /* Nearby */; };
		B5585839264BDCFE00A91281 /* ApplicationMonitor.swift in Sources */ = {isa = PBXBuildFile; fileRef = B5585838264BDCFE00A91281 /* ApplicationMonitor.swift */; };
		B558583B264BDE4400A91281 /* NSRunningApplication+Browsers.swift in Sources */ = {isa = PBXBuildFile; fileRef = B558583A264BDE4400A91281 /* NSRunningApplication+Browsers.swift */; };
		B5585841264BE03900A91281 /* Timeline.swift in Sources */ = {isa = PBXBuildFile; fileRef = B5585840264BE03900A91281 /* Timeline.swift */; };
		B5585843264BE5F000A91281 /* BrowserMonitor.swift in Sources */ = {isa = PBXBuildFile; fileRef = B5585842264BE5F000A91281 /* BrowserMonitor.swift */; };
		B5585845264BE68E00A91281 /* BrowserKind.swift in Sources */ = {isa = PBXBuildFile; fileRef = B5585844264BE68E00A91281 /* BrowserKind.swift */; };
		B5585847264D307700A91281 /* HostListView.swift in Sources */ = {isa = PBXBuildFile; fileRef = B5585846264D307700A91281 /* HostListView.swift */; };
		B5585849264D310C00A91281 /* NearbySession+Extension.swift in Sources */ = {isa = PBXBuildFile; fileRef = B5585848264D310C00A91281 /* NearbySession+Extension.swift */; };
		B558584A264D310C00A91281 /* NearbySession+Extension.swift in Sources */ = {isa = PBXBuildFile; fileRef = B5585848264D310C00A91281 /* NearbySession+Extension.swift */; };
		B558584D264D383C00A91281 /* NearbyHostManager.swift in Sources */ = {isa = PBXBuildFile; fileRef = B558584C264D383C00A91281 /* NearbyHostManager.swift */; };
		B558584E264D383C00A91281 /* NearbyHostManager.swift in Sources */ = {isa = PBXBuildFile; fileRef = B558584C264D383C00A91281 /* NearbyHostManager.swift */; };
		B5585850264D38B800A91281 /* NearbyHost.swift in Sources */ = {isa = PBXBuildFile; fileRef = B558584F264D38B800A91281 /* NearbyHost.swift */; };
		B5585851264D38B800A91281 /* NearbyHost.swift in Sources */ = {isa = PBXBuildFile; fileRef = B558584F264D38B800A91281 /* NearbyHost.swift */; };
		B5585853264D3C8700A91281 /* NearbyMonitorManager.swift in Sources */ = {isa = PBXBuildFile; fileRef = B5585852264D3C8700A91281 /* NearbyMonitorManager.swift */; };
		B5585854264D3C8700A91281 /* NearbyMonitorManager.swift in Sources */ = {isa = PBXBuildFile; fileRef = B5585852264D3C8700A91281 /* NearbyMonitorManager.swift */; };
		B5585856264D3CD300A91281 /* NearbyMonitor.swift in Sources */ = {isa = PBXBuildFile; fileRef = B5585855264D3CD300A91281 /* NearbyMonitor.swift */; };
		B5585857264D3CD300A91281 /* NearbyMonitor.swift in Sources */ = {isa = PBXBuildFile; fileRef = B5585855264D3CD300A91281 /* NearbyMonitor.swift */; };
		B578F010290417E800C19E46 /* ContentView.swift in Sources */ = {isa = PBXBuildFile; fileRef = B578F00F290417E800C19E46 /* ContentView.swift */; };
		B578F012290417E900C19E46 /* Assets.xcassets in Resources */ = {isa = PBXBuildFile; fileRef = B578F011290417E900C19E46 /* Assets.xcassets */; };
		B578F01B2904195700C19E46 /* Constants.swift in Sources */ = {isa = PBXBuildFile; fileRef = B578F01A2904195700C19E46 /* Constants.swift */; };
		B578F01C2904195700C19E46 /* Constants.swift in Sources */ = {isa = PBXBuildFile; fileRef = B578F01A2904195700C19E46 /* Constants.swift */; };
		B578F01D2904195700C19E46 /* Constants.swift in Sources */ = {isa = PBXBuildFile; fileRef = B578F01A2904195700C19E46 /* Constants.swift */; };
		B578F01E2904195A00C19E46 /* Settings.swift in Sources */ = {isa = PBXBuildFile; fileRef = B534F7A427ACA367004F174C /* Settings.swift */; };
		B578F0202904195E00C19E46 /* RemoteTimeline.swift in Sources */ = {isa = PBXBuildFile; fileRef = B5C576FC271B1DE300FA65F6 /* RemoteTimeline.swift */; };
		B578F0212904195E00C19E46 /* RemoteTimelineManager.swift in Sources */ = {isa = PBXBuildFile; fileRef = B5C576FE271B371C00FA65F6 /* RemoteTimelineManager.swift */; };
		B578F0222904195E00C19E46 /* Array+Timeline.Entry.swift in Sources */ = {isa = PBXBuildFile; fileRef = B5879F8527199EDC00836D71 /* Array+Timeline.Entry.swift */; };
		B578F0232904195E00C19E46 /* Timeline.swift in Sources */ = {isa = PBXBuildFile; fileRef = B5585840264BE03900A91281 /* Timeline.swift */; };
		B578F0242904195E00C19E46 /* Timeline.Save.swift in Sources */ = {isa = PBXBuildFile; fileRef = B59EB1F0264D545300516CBB /* Timeline.Save.swift */; };
		B578F0252904196700C19E46 /* NearbyHostManager.swift in Sources */ = {isa = PBXBuildFile; fileRef = B558584C264D383C00A91281 /* NearbyHostManager.swift */; };
		B578F0262904196700C19E46 /* IconImagesCache+Mac.swift in Sources */ = {isa = PBXBuildFile; fileRef = B5897CD8265B127800D8D981 /* IconImagesCache+Mac.swift */; };
		B578F0272904196700C19E46 /* NearbyDevice+Extensions.swift in Sources */ = {isa = PBXBuildFile; fileRef = B5872BBF264CBAED001755F6 /* NearbyDevice+Extensions.swift */; };
		B578F0282904196700C19E46 /* Messages.swift in Sources */ = {isa = PBXBuildFile; fileRef = B5872BBB264CB808001755F6 /* Messages.swift */; };
		B578F0292904196700C19E46 /* IconImagesCache.swift in Sources */ = {isa = PBXBuildFile; fileRef = B5897C7C2655E7C200D8D981 /* IconImagesCache.swift */; };
		B578F02A2904196700C19E46 /* NearbyMonitorManager.swift in Sources */ = {isa = PBXBuildFile; fileRef = B5585852264D3C8700A91281 /* NearbyMonitorManager.swift */; };
		B578F02B2904196700C19E46 /* NearbyHost.swift in Sources */ = {isa = PBXBuildFile; fileRef = B558584F264D38B800A91281 /* NearbyHost.swift */; };
		B578F02C2904196700C19E46 /* NearbyMonitor.swift in Sources */ = {isa = PBXBuildFile; fileRef = B5585855264D3CD300A91281 /* NearbyMonitor.swift */; };
		B578F02D2904196700C19E46 /* OtherDevices.swift in Sources */ = {isa = PBXBuildFile; fileRef = B5872B95264C0362001755F6 /* OtherDevices.swift */; };
		B578F02E2904196700C19E46 /* NearbySession+Extension.swift in Sources */ = {isa = PBXBuildFile; fileRef = B5585848264D310C00A91281 /* NearbySession+Extension.swift */; };
		B578F03129041D9E00C19E46 /* Shared.xcassets in Resources */ = {isa = PBXBuildFile; fileRef = B578F03029041D9E00C19E46 /* Shared.xcassets */; };
		B578F03229041D9E00C19E46 /* Shared.xcassets in Resources */ = {isa = PBXBuildFile; fileRef = B578F03029041D9E00C19E46 /* Shared.xcassets */; };
		B578F03329041D9E00C19E46 /* Shared.xcassets in Resources */ = {isa = PBXBuildFile; fileRef = B578F03029041D9E00C19E46 /* Shared.xcassets */; };
		B5872B76264A16E8001755F6 /* AppDelegate.swift in Sources */ = {isa = PBXBuildFile; fileRef = B5872B75264A16E8001755F6 /* AppDelegate.swift */; };
		B5872B78264A16E8001755F6 /* ContentView.swift in Sources */ = {isa = PBXBuildFile; fileRef = B5872B77264A16E8001755F6 /* ContentView.swift */; };
		B5872B7A264A16E9001755F6 /* Assets.xcassets in Resources */ = {isa = PBXBuildFile; fileRef = B5872B79264A16E9001755F6 /* Assets.xcassets */; };
		B5872B7D264A16E9001755F6 /* Preview Assets.xcassets in Resources */ = {isa = PBXBuildFile; fileRef = B5872B7C264A16E9001755F6 /* Preview Assets.xcassets */; };
		B5872B89264A16FC001755F6 /* Process+Extensions.swift in Sources */ = {isa = PBXBuildFile; fileRef = B5872B88264A16FC001755F6 /* Process+Extensions.swift */; };
		B5872B8C264A1717001755F6 /* Suite in Frameworks */ = {isa = PBXBuildFile; productRef = B5872B8B264A1717001755F6 /* Suite */; };
		B5872B8E264A17AD001755F6 /* ScriptRunner.swift in Sources */ = {isa = PBXBuildFile; fileRef = B5872B8D264A17AD001755F6 /* ScriptRunner.swift */; };
		B5872B92264BF25F001755F6 /* BrowserURL.swift in Sources */ = {isa = PBXBuildFile; fileRef = B5872B91264BF25F001755F6 /* BrowserURL.swift */; };
		B5872B96264C0362001755F6 /* OtherDevices.swift in Sources */ = {isa = PBXBuildFile; fileRef = B5872B95264C0362001755F6 /* OtherDevices.swift */; };
		B5872B9F264C7F3F001755F6 /* AppDelegate.swift in Sources */ = {isa = PBXBuildFile; fileRef = B5872B9E264C7F3F001755F6 /* AppDelegate.swift */; };
		B5872BA1264C7F3F001755F6 /* SceneDelegate.swift in Sources */ = {isa = PBXBuildFile; fileRef = B5872BA0264C7F3F001755F6 /* SceneDelegate.swift */; };
		B5872BA3264C7F3F001755F6 /* ContentScreen.swift in Sources */ = {isa = PBXBuildFile; fileRef = B5872BA2264C7F3F001755F6 /* ContentScreen.swift */; };
		B5872BA5264C7F41001755F6 /* Assets.xcassets in Resources */ = {isa = PBXBuildFile; fileRef = B5872BA4264C7F41001755F6 /* Assets.xcassets */; };
		B5872BA8264C7F41001755F6 /* Preview Assets.xcassets in Resources */ = {isa = PBXBuildFile; fileRef = B5872BA7264C7F41001755F6 /* Preview Assets.xcassets */; };
		B5872BAB264C7F41001755F6 /* LaunchScreen.storyboard in Resources */ = {isa = PBXBuildFile; fileRef = B5872BA9264C7F41001755F6 /* LaunchScreen.storyboard */; };
		B5872BB2264C7F5A001755F6 /* Suite in Frameworks */ = {isa = PBXBuildFile; productRef = B5872BB1264C7F5A001755F6 /* Suite */; };
		B5872BB4264C7F62001755F6 /* Nearby in Frameworks */ = {isa = PBXBuildFile; productRef = B5872BB3264C7F62001755F6 /* Nearby */; };
		B5872BB5264C7FD9001755F6 /* Timeline.swift in Sources */ = {isa = PBXBuildFile; fileRef = B5585840264BE03900A91281 /* Timeline.swift */; };
		B5872BB7264C7FE2001755F6 /* BrowserURL.swift in Sources */ = {isa = PBXBuildFile; fileRef = B5872B91264BF25F001755F6 /* BrowserURL.swift */; };
		B5872BB8264C7FE2001755F6 /* BrowserKind.swift in Sources */ = {isa = PBXBuildFile; fileRef = B5585844264BE68E00A91281 /* BrowserKind.swift */; };
		B5872BB9264C80AC001755F6 /* OtherDevices.swift in Sources */ = {isa = PBXBuildFile; fileRef = B5872B95264C0362001755F6 /* OtherDevices.swift */; };
		B5872BBC264CB808001755F6 /* Messages.swift in Sources */ = {isa = PBXBuildFile; fileRef = B5872BBB264CB808001755F6 /* Messages.swift */; };
		B5872BBD264CBA7C001755F6 /* Messages.swift in Sources */ = {isa = PBXBuildFile; fileRef = B5872BBB264CB808001755F6 /* Messages.swift */; };
		B5872BC0264CBAED001755F6 /* NearbyDevice+Extensions.swift in Sources */ = {isa = PBXBuildFile; fileRef = B5872BBF264CBAED001755F6 /* NearbyDevice+Extensions.swift */; };
		B5872BC1264CBAED001755F6 /* NearbyDevice+Extensions.swift in Sources */ = {isa = PBXBuildFile; fileRef = B5872BBF264CBAED001755F6 /* NearbyDevice+Extensions.swift */; };
		B5872BC4264CC20D001755F6 /* CrossPlatformKit in Frameworks */ = {isa = PBXBuildFile; productRef = B5872BC3264CC20D001755F6 /* CrossPlatformKit */; };
		B5879F7A27199C8900836D71 /* HistoryAppRow.swift in Sources */ = {isa = PBXBuildFile; fileRef = B5879F7927199C8900836D71 /* HistoryAppRow.swift */; };
		B5879F7B27199C8900836D71 /* HistoryAppRow.swift in Sources */ = {isa = PBXBuildFile; fileRef = B5879F7927199C8900836D71 /* HistoryAppRow.swift */; };
		B5879F7E27199CB600836D71 /* HistoryBrowserRow.swift in Sources */ = {isa = PBXBuildFile; fileRef = B5879F7C27199CB600836D71 /* HistoryBrowserRow.swift */; };
		B5879F8027199CEA00836D71 /* HistoryRow.swift in Sources */ = {isa = PBXBuildFile; fileRef = B5879F7F27199CEA00836D71 /* HistoryRow.swift */; };
		B5879F8127199CEA00836D71 /* HistoryRow.swift in Sources */ = {isa = PBXBuildFile; fileRef = B5879F7F27199CEA00836D71 /* HistoryRow.swift */; };
		B5879F8627199EDC00836D71 /* Array+Timeline.Entry.swift in Sources */ = {isa = PBXBuildFile; fileRef = B5879F8527199EDC00836D71 /* Array+Timeline.Entry.swift */; };
		B5879F8727199EDC00836D71 /* Array+Timeline.Entry.swift in Sources */ = {isa = PBXBuildFile; fileRef = B5879F8527199EDC00836D71 /* Array+Timeline.Entry.swift */; };
		B5879F8A2719A7E200836D71 /* FilteredHistoryView.swift in Sources */ = {isa = PBXBuildFile; fileRef = B5879F882719A7E200836D71 /* FilteredHistoryView.swift */; };
		B5879F8C271A497200836D71 /* DateLine.swift in Sources */ = {isa = PBXBuildFile; fileRef = B5879F8B271A497200836D71 /* DateLine.swift */; };
		B5879F8D271A497200836D71 /* DateLine.swift in Sources */ = {isa = PBXBuildFile; fileRef = B5879F8B271A497200836D71 /* DateLine.swift */; };
		B5897C7D2655E7C200D8D981 /* IconImagesCache.swift in Sources */ = {isa = PBXBuildFile; fileRef = B5897C7C2655E7C200D8D981 /* IconImagesCache.swift */; };
		B5897C7E2655E7C200D8D981 /* IconImagesCache.swift in Sources */ = {isa = PBXBuildFile; fileRef = B5897C7C2655E7C200D8D981 /* IconImagesCache.swift */; };
		B5897CD9265B127800D8D981 /* IconImagesCache+Mac.swift in Sources */ = {isa = PBXBuildFile; fileRef = B5897CD8265B127800D8D981 /* IconImagesCache+Mac.swift */; };
		B5897CDC265B468600D8D981 /* IconImagesCache+iOS.swift in Sources */ = {isa = PBXBuildFile; fileRef = B5897CDA265B465100D8D981 /* IconImagesCache+iOS.swift */; };
		B5897CF4266671E100D8D981 /* TimelineWindow.xib in Resources */ = {isa = PBXBuildFile; fileRef = B5897CF3266671E100D8D981 /* TimelineWindow.xib */; };
		B58E8D1F271BBB5500485B3D /* SafariView.swift in Sources */ = {isa = PBXBuildFile; fileRef = B58E8D1E271BBB5500485B3D /* SafariView.swift */; };
		B59EB1EE264D538700516CBB /* Notifications.swift in Sources */ = {isa = PBXBuildFile; fileRef = B59EB1ED264D538700516CBB /* Notifications.swift */; };
		B59EB1EF264D538700516CBB /* Notifications.swift in Sources */ = {isa = PBXBuildFile; fileRef = B59EB1ED264D538700516CBB /* Notifications.swift */; };
		B59EB1F1264D545300516CBB /* Timeline.Save.swift in Sources */ = {isa = PBXBuildFile; fileRef = B59EB1F0264D545300516CBB /* Timeline.Save.swift */; };
		B59EB1F2264D545300516CBB /* Timeline.Save.swift in Sources */ = {isa = PBXBuildFile; fileRef = B59EB1F0264D545300516CBB /* Timeline.Save.swift */; };
		B59EB1FA264E98B600516CBB /* HostRow.swift in Sources */ = {isa = PBXBuildFile; fileRef = B59EB1F8264E98B600516CBB /* HostRow.swift */; };
		B5A0FEFC2904CFDC0005FA3D /* SummaryView.swift in Sources */ = {isa = PBXBuildFile; fileRef = B5A0FEFB2904CFDC0005FA3D /* SummaryView.swift */; };
		B5A0FEFD2904CFDC0005FA3D /* SummaryView.swift in Sources */ = {isa = PBXBuildFile; fileRef = B5A0FEFB2904CFDC0005FA3D /* SummaryView.swift */; };
		B5A0FEFE2904CFDC0005FA3D /* SummaryView.swift in Sources */ = {isa = PBXBuildFile; fileRef = B5A0FEFB2904CFDC0005FA3D /* SummaryView.swift */; };
		B5B666A3290420B7008FFA42 /* TimelineEntry.swift in Sources */ = {isa = PBXBuildFile; fileRef = B5B666A2290420B7008FFA42 /* TimelineEntry.swift */; };
		B5B666A4290420B7008FFA42 /* TimelineEntry.swift in Sources */ = {isa = PBXBuildFile; fileRef = B5B666A2290420B7008FFA42 /* TimelineEntry.swift */; };
		B5B666A5290420B7008FFA42 /* TimelineEntry.swift in Sources */ = {isa = PBXBuildFile; fileRef = B5B666A2290420B7008FFA42 /* TimelineEntry.swift */; };
		B5B666A729043760008FFA42 /* DurationText.swift in Sources */ = {isa = PBXBuildFile; fileRef = B5B666A629043760008FFA42 /* DurationText.swift */; };
		B5B666A829043760008FFA42 /* DurationText.swift in Sources */ = {isa = PBXBuildFile; fileRef = B5B666A629043760008FFA42 /* DurationText.swift */; };
		B5B666A929043760008FFA42 /* DurationText.swift in Sources */ = {isa = PBXBuildFile; fileRef = B5B666A629043760008FFA42 /* DurationText.swift */; };
		B5B666AF2904398E008FFA42 /* HistoryView.swift in Sources */ = {isa = PBXBuildFile; fileRef = B5B666AB29043983008FFA42 /* HistoryView.swift */; };
		B5C576FB271B1AB000FA65F6 /* MonitoredDevicesScreen.swift in Sources */ = {isa = PBXBuildFile; fileRef = B5C576FA271B1AB000FA65F6 /* MonitoredDevicesScreen.swift */; };
		B5C576FF271B371C00FA65F6 /* RemoteTimelineManager.swift in Sources */ = {isa = PBXBuildFile; fileRef = B5C576FE271B371C00FA65F6 /* RemoteTimelineManager.swift */; };
		B5C57700271B372200FA65F6 /* RemoteTimeline.swift in Sources */ = {isa = PBXBuildFile; fileRef = B5C576FC271B1DE300FA65F6 /* RemoteTimeline.swift */; };
		B5C57701271B3E1400FA65F6 /* RemoteTimeline.swift in Sources */ = {isa = PBXBuildFile; fileRef = B5C576FC271B1DE300FA65F6 /* RemoteTimeline.swift */; };
		B5C57702271B3E1400FA65F6 /* RemoteTimelineManager.swift in Sources */ = {isa = PBXBuildFile; fileRef = B5C576FE271B371C00FA65F6 /* RemoteTimelineManager.swift */; };
		B5C57704271B3F8D00FA65F6 /* HostDetailScreen.swift in Sources */ = {isa = PBXBuildFile; fileRef = B5C57703271B3F8D00FA65F6 /* HostDetailScreen.swift */; };
		B5C57706271B76D400FA65F6 /* HostDayDetailsScreen.swift in Sources */ = {isa = PBXBuildFile; fileRef = B5C57705271B76D400FA65F6 /* HostDayDetailsScreen.swift */; };
		B5C9493429058C8F00AD6883 /* Preview Assets.xcassets in Resources */ = {isa = PBXBuildFile; fileRef = B5C9493329058C8E00AD6883 /* Preview Assets.xcassets */; };
		B5C9493629058D0A00AD6883 /* MenuItem.swift in Sources */ = {isa = PBXBuildFile; fileRef = B5C9493529058D0A00AD6883 /* MenuItem.swift */; };
		B5E59FEE2906A02E00ABD6A1 /* AppDelegate.swift in Sources */ = {isa = PBXBuildFile; fileRef = B5E59FED2906A02E00ABD6A1 /* AppDelegate.swift */; };
		B5E59FF42906A14D00ABD6A1 /* NSApplication.swift in Sources */ = {isa = PBXBuildFile; fileRef = B5E59FF32906A14D00ABD6A1 /* NSApplication.swift */; };
		B5E59FF52906A1E600ABD6A1 /* TimelineWindow.swift in Sources */ = {isa = PBXBuildFile; fileRef = B5897CF12666579600D8D981 /* TimelineWindow.swift */; };
		B5E59FF62906A1E600ABD6A1 /* TimelineScreen.swift in Sources */ = {isa = PBXBuildFile; fileRef = B5897CEF2666575000D8D981 /* TimelineScreen.swift */; };
		B5E59FF72906A1E600ABD6A1 /* ScriptEditor.swift in Sources */ = {isa = PBXBuildFile; fileRef = B5585833264A8F5F00A91281 /* ScriptEditor.swift */; };
		B5E59FF82906A1F500ABD6A1 /* TimelineWindow.xib in Resources */ = {isa = PBXBuildFile; fileRef = B5897CF3266671E100D8D981 /* TimelineWindow.xib */; };
		B5E59FF92906A1F500ABD6A1 /* ScriptEditor.swift in Sources */ = {isa = PBXBuildFile; fileRef = B5585833264A8F5F00A91281 /* ScriptEditor.swift */; };
		B5E59FFA2906A1F500ABD6A1 /* TimelineWindow.swift in Sources */ = {isa = PBXBuildFile; fileRef = B5897CF12666579600D8D981 /* TimelineWindow.swift */; };
		B5E59FFB2906A1F500ABD6A1 /* TimelineScreen.swift in Sources */ = {isa = PBXBuildFile; fileRef = B5897CEF2666575000D8D981 /* TimelineScreen.swift */; };
		B5E59FFC2906A1F800ABD6A1 /* NSApplication.swift in Sources */ = {isa = PBXBuildFile; fileRef = B5E59FF32906A14D00ABD6A1 /* NSApplication.swift */; };
		B5E59FFE2906A20D00ABD6A1 /* SummaryWindow.swift in Sources */ = {isa = PBXBuildFile; fileRef = B5E59FFD2906A20D00ABD6A1 /* SummaryWindow.swift */; };
		B5E5A0002906A24700ABD6A1 /* SummaryWindow.xib in Resources */ = {isa = PBXBuildFile; fileRef = B5E59FFF2906A24700ABD6A1 /* SummaryWindow.xib */; };
		B5E5A0022906A25800ABD6A1 /* SummaryScreen.swift in Sources */ = {isa = PBXBuildFile; fileRef = B5E5A0012906A25800ABD6A1 /* SummaryScreen.swift */; };
		B5E92AB229060A2000F303B5 /* Suite in Frameworks */ = {isa = PBXBuildFile; productRef = B5E92AB129060A2000F303B5 /* Suite */; };
		B5E92AB429060A3700F303B5 /* Nearby in Frameworks */ = {isa = PBXBuildFile; productRef = B5E92AB329060A3700F303B5 /* Nearby */; };
		B5E92AB629060A5300F303B5 /* CrossPlatformKit in Frameworks */ = {isa = PBXBuildFile; productRef = B5E92AB529060A5300F303B5 /* CrossPlatformKit */; };
		B5E92AB929060A9E00F303B5 /* BrowserURL.swift in Sources */ = {isa = PBXBuildFile; fileRef = B5872B91264BF25F001755F6 /* BrowserURL.swift */; };
		B5E92ABA29060AAA00F303B5 /* BrowserKind.swift in Sources */ = {isa = PBXBuildFile; fileRef = B5585844264BE68E00A91281 /* BrowserKind.swift */; };
		B5E92ABB29060ABC00F303B5 /* BrowserMonitor.swift in Sources */ = {isa = PBXBuildFile; fileRef = B5585842264BE5F000A91281 /* BrowserMonitor.swift */; };
		B5E92ABC29060AC300F303B5 /* Notifications.swift in Sources */ = {isa = PBXBuildFile; fileRef = B59EB1ED264D538700516CBB /* Notifications.swift */; };
		B5E92ABD29060AFE00F303B5 /* NSRunningApplication+Browsers.swift in Sources */ = {isa = PBXBuildFile; fileRef = B558583A264BDE4400A91281 /* NSRunningApplication+Browsers.swift */; };
		B5E92ABE29060B1000F303B5 /* ScriptRunner.swift in Sources */ = {isa = PBXBuildFile; fileRef = B5872B8D264A17AD001755F6 /* ScriptRunner.swift */; };
		B5E92ABF29060B1F00F303B5 /* ScriptRunner.Command.swift in Sources */ = {isa = PBXBuildFile; fileRef = B5585831264A8D4100A91281 /* ScriptRunner.Command.swift */; };
		B5E92AC029060B3100F303B5 /* Process+Extensions.swift in Sources */ = {isa = PBXBuildFile; fileRef = B5872B88264A16FC001755F6 /* Process+Extensions.swift */; };
		B5E92AC12906B75500F303B5 /* Main.storyboard in Resources */ = {isa = PBXBuildFile; fileRef = B5E59FEF2906A0AC00ABD6A1 /* Main.storyboard */; };
		B5E92AC22906B75A00F303B5 /* Main.storyboard in Resources */ = {isa = PBXBuildFile; fileRef = B5872B7E264A16E9001755F6 /* Main.storyboard */; };
		B5E92AC32906B79500F303B5 /* SummaryWindow.swift in Sources */ = {isa = PBXBuildFile; fileRef = B5E59FFD2906A20D00ABD6A1 /* SummaryWindow.swift */; };
		B5E92AC42906B79500F303B5 /* SummaryWindow.xib in Resources */ = {isa = PBXBuildFile; fileRef = B5E59FFF2906A24700ABD6A1 /* SummaryWindow.xib */; };
		B5E92AC52906B79800F303B5 /* SummaryScreen.swift in Sources */ = {isa = PBXBuildFile; fileRef = B5E5A0012906A25800ABD6A1 /* SummaryScreen.swift */; };
		B5EE6659271990CD0035BC47 /* sample_log.txt in Resources */ = {isa = PBXBuildFile; fileRef = B5EE6658271990CD0035BC47 /* sample_log.txt */; };
		B5EE665A271990CD0035BC47 /* sample_log.txt in Resources */ = {isa = PBXBuildFile; fileRef = B5EE6658271990CD0035BC47 /* sample_log.txt */; };
/* End PBXBuildFile section */

/* Begin PBXFileReference section */
		B5111EB829057CB300999B7A /* SortedSummaryView.swift */ = {isa = PBXFileReference; lastKnownFileType = sourcecode.swift; path = SortedSummaryView.swift; sourceTree = "<group>"; };
		B5111EBC2905878E00999B7A /* LocalTimelineManager.swift */ = {isa = PBXFileReference; lastKnownFileType = sourcecode.swift; path = LocalTimelineManager.swift; sourceTree = "<group>"; };
		B523A4DD2904B382005C530B /* Timeline.Summary.swift */ = {isa = PBXFileReference; fileEncoding = 4; lastKnownFileType = sourcecode.swift; path = Timeline.Summary.swift; sourceTree = "<group>"; };
		B534F773279F9C3B004F174C /* KnownApps.swift */ = {isa = PBXFileReference; lastKnownFileType = sourcecode.swift; path = KnownApps.swift; sourceTree = "<group>"; };
		B534F7A427ACA367004F174C /* Settings.swift */ = {isa = PBXFileReference; lastKnownFileType = sourcecode.swift; path = Settings.swift; sourceTree = "<group>"; };
		B5585831264A8D4100A91281 /* ScriptRunner.Command.swift */ = {isa = PBXFileReference; lastKnownFileType = sourcecode.swift; path = ScriptRunner.Command.swift; sourceTree = "<group>"; };
		B5585833264A8F5F00A91281 /* ScriptEditor.swift */ = {isa = PBXFileReference; lastKnownFileType = sourcecode.swift; path = ScriptEditor.swift; sourceTree = "<group>"; };
		B5585838264BDCFE00A91281 /* ApplicationMonitor.swift */ = {isa = PBXFileReference; lastKnownFileType = sourcecode.swift; path = ApplicationMonitor.swift; sourceTree = "<group>"; };
		B558583A264BDE4400A91281 /* NSRunningApplication+Browsers.swift */ = {isa = PBXFileReference; lastKnownFileType = sourcecode.swift; path = "NSRunningApplication+Browsers.swift"; sourceTree = "<group>"; };
		B5585840264BE03900A91281 /* Timeline.swift */ = {isa = PBXFileReference; lastKnownFileType = sourcecode.swift; path = Timeline.swift; sourceTree = "<group>"; };
		B5585842264BE5F000A91281 /* BrowserMonitor.swift */ = {isa = PBXFileReference; lastKnownFileType = sourcecode.swift; path = BrowserMonitor.swift; sourceTree = "<group>"; };
		B5585844264BE68E00A91281 /* BrowserKind.swift */ = {isa = PBXFileReference; lastKnownFileType = sourcecode.swift; path = BrowserKind.swift; sourceTree = "<group>"; };
		B5585846264D307700A91281 /* HostListView.swift */ = {isa = PBXFileReference; lastKnownFileType = sourcecode.swift; path = HostListView.swift; sourceTree = "<group>"; };
		B5585848264D310C00A91281 /* NearbySession+Extension.swift */ = {isa = PBXFileReference; lastKnownFileType = sourcecode.swift; path = "NearbySession+Extension.swift"; sourceTree = "<group>"; };
		B558584C264D383C00A91281 /* NearbyHostManager.swift */ = {isa = PBXFileReference; lastKnownFileType = sourcecode.swift; path = NearbyHostManager.swift; sourceTree = "<group>"; };
		B558584F264D38B800A91281 /* NearbyHost.swift */ = {isa = PBXFileReference; lastKnownFileType = sourcecode.swift; path = NearbyHost.swift; sourceTree = "<group>"; };
		B5585852264D3C8700A91281 /* NearbyMonitorManager.swift */ = {isa = PBXFileReference; lastKnownFileType = sourcecode.swift; path = NearbyMonitorManager.swift; sourceTree = "<group>"; };
		B5585855264D3CD300A91281 /* NearbyMonitor.swift */ = {isa = PBXFileReference; lastKnownFileType = sourcecode.swift; path = NearbyMonitor.swift; sourceTree = "<group>"; };
		B578F00B290417E800C19E46 /* LocalMonitor.app */ = {isa = PBXFileReference; explicitFileType = wrapper.application; includeInIndex = 0; path = LocalMonitor.app; sourceTree = BUILT_PRODUCTS_DIR; };
		B578F00F290417E800C19E46 /* ContentView.swift */ = {isa = PBXFileReference; lastKnownFileType = sourcecode.swift; path = ContentView.swift; sourceTree = "<group>"; };
		B578F011290417E900C19E46 /* Assets.xcassets */ = {isa = PBXFileReference; lastKnownFileType = folder.assetcatalog; path = Assets.xcassets; sourceTree = "<group>"; };
		B578F016290417E900C19E46 /* LocalMonitor.entitlements */ = {isa = PBXFileReference; lastKnownFileType = text.plist.entitlements; path = LocalMonitor.entitlements; sourceTree = "<group>"; };
		B578F01A2904195700C19E46 /* Constants.swift */ = {isa = PBXFileReference; lastKnownFileType = sourcecode.swift; path = Constants.swift; sourceTree = "<group>"; };
		B578F02F29041A7200C19E46 /* Info.plist */ = {isa = PBXFileReference; lastKnownFileType = text.plist.xml; path = Info.plist; sourceTree = "<group>"; };
		B578F03029041D9E00C19E46 /* Shared.xcassets */ = {isa = PBXFileReference; lastKnownFileType = folder.assetcatalog; path = Shared.xcassets; sourceTree = "<group>"; };
		B5872B72264A16E8001755F6 /* spuD.app */ = {isa = PBXFileReference; explicitFileType = wrapper.application; includeInIndex = 0; path = spuD.app; sourceTree = BUILT_PRODUCTS_DIR; };
		B5872B75264A16E8001755F6 /* AppDelegate.swift */ = {isa = PBXFileReference; lastKnownFileType = sourcecode.swift; path = AppDelegate.swift; sourceTree = "<group>"; };
		B5872B77264A16E8001755F6 /* ContentView.swift */ = {isa = PBXFileReference; lastKnownFileType = sourcecode.swift; path = ContentView.swift; sourceTree = "<group>"; };
		B5872B79264A16E9001755F6 /* Assets.xcassets */ = {isa = PBXFileReference; lastKnownFileType = folder.assetcatalog; path = Assets.xcassets; sourceTree = "<group>"; };
		B5872B7C264A16E9001755F6 /* Preview Assets.xcassets */ = {isa = PBXFileReference; lastKnownFileType = folder.assetcatalog; path = "Preview Assets.xcassets"; sourceTree = "<group>"; };
		B5872B7F264A16E9001755F6 /* Base */ = {isa = PBXFileReference; lastKnownFileType = file.storyboard; name = Base; path = Base.lproj/Main.storyboard; sourceTree = "<group>"; };
		B5872B81264A16E9001755F6 /* Info.plist */ = {isa = PBXFileReference; lastKnownFileType = text.plist.xml; path = Info.plist; sourceTree = "<group>"; };
		B5872B82264A16E9001755F6 /* Watcher.entitlements */ = {isa = PBXFileReference; lastKnownFileType = text.plist.entitlements; path = Watcher.entitlements; sourceTree = "<group>"; };
		B5872B88264A16FC001755F6 /* Process+Extensions.swift */ = {isa = PBXFileReference; lastKnownFileType = sourcecode.swift; path = "Process+Extensions.swift"; sourceTree = "<group>"; };
		B5872B8D264A17AD001755F6 /* ScriptRunner.swift */ = {isa = PBXFileReference; lastKnownFileType = sourcecode.swift; path = ScriptRunner.swift; sourceTree = "<group>"; };
		B5872B91264BF25F001755F6 /* BrowserURL.swift */ = {isa = PBXFileReference; lastKnownFileType = sourcecode.swift; path = BrowserURL.swift; sourceTree = "<group>"; };
		B5872B95264C0362001755F6 /* OtherDevices.swift */ = {isa = PBXFileReference; lastKnownFileType = sourcecode.swift; path = OtherDevices.swift; sourceTree = "<group>"; };
		B5872B9C264C7F3F001755F6 /* RemoteMonitor.app */ = {isa = PBXFileReference; explicitFileType = wrapper.application; includeInIndex = 0; path = RemoteMonitor.app; sourceTree = BUILT_PRODUCTS_DIR; };
		B5872B9E264C7F3F001755F6 /* AppDelegate.swift */ = {isa = PBXFileReference; lastKnownFileType = sourcecode.swift; path = AppDelegate.swift; sourceTree = "<group>"; };
		B5872BA0264C7F3F001755F6 /* SceneDelegate.swift */ = {isa = PBXFileReference; lastKnownFileType = sourcecode.swift; path = SceneDelegate.swift; sourceTree = "<group>"; };
		B5872BA2264C7F3F001755F6 /* ContentScreen.swift */ = {isa = PBXFileReference; lastKnownFileType = sourcecode.swift; path = ContentScreen.swift; sourceTree = "<group>"; };
		B5872BA4264C7F41001755F6 /* Assets.xcassets */ = {isa = PBXFileReference; lastKnownFileType = folder.assetcatalog; path = Assets.xcassets; sourceTree = "<group>"; };
		B5872BA7264C7F41001755F6 /* Preview Assets.xcassets */ = {isa = PBXFileReference; lastKnownFileType = folder.assetcatalog; path = "Preview Assets.xcassets"; sourceTree = "<group>"; };
		B5872BAA264C7F41001755F6 /* Base */ = {isa = PBXFileReference; lastKnownFileType = file.storyboard; name = Base; path = Base.lproj/LaunchScreen.storyboard; sourceTree = "<group>"; };
		B5872BAC264C7F41001755F6 /* Info.plist */ = {isa = PBXFileReference; lastKnownFileType = text.plist.xml; path = Info.plist; sourceTree = "<group>"; };
		B5872BBB264CB808001755F6 /* Messages.swift */ = {isa = PBXFileReference; lastKnownFileType = sourcecode.swift; path = Messages.swift; sourceTree = "<group>"; };
		B5872BBF264CBAED001755F6 /* NearbyDevice+Extensions.swift */ = {isa = PBXFileReference; lastKnownFileType = sourcecode.swift; path = "NearbyDevice+Extensions.swift"; sourceTree = "<group>"; };
		B5879F7927199C8900836D71 /* HistoryAppRow.swift */ = {isa = PBXFileReference; lastKnownFileType = sourcecode.swift; path = HistoryAppRow.swift; sourceTree = "<group>"; };
		B5879F7C27199CB600836D71 /* HistoryBrowserRow.swift */ = {isa = PBXFileReference; lastKnownFileType = sourcecode.swift; path = HistoryBrowserRow.swift; sourceTree = "<group>"; };
		B5879F7F27199CEA00836D71 /* HistoryRow.swift */ = {isa = PBXFileReference; lastKnownFileType = sourcecode.swift; path = HistoryRow.swift; sourceTree = "<group>"; };
		B5879F8527199EDC00836D71 /* Array+Timeline.Entry.swift */ = {isa = PBXFileReference; lastKnownFileType = sourcecode.swift; path = "Array+Timeline.Entry.swift"; sourceTree = "<group>"; };
		B5879F882719A7E200836D71 /* FilteredHistoryView.swift */ = {isa = PBXFileReference; lastKnownFileType = sourcecode.swift; path = FilteredHistoryView.swift; sourceTree = "<group>"; };
		B5879F8B271A497200836D71 /* DateLine.swift */ = {isa = PBXFileReference; lastKnownFileType = sourcecode.swift; path = DateLine.swift; sourceTree = "<group>"; };
		B5897C7C2655E7C200D8D981 /* IconImagesCache.swift */ = {isa = PBXFileReference; lastKnownFileType = sourcecode.swift; path = IconImagesCache.swift; sourceTree = "<group>"; };
		B5897CD8265B127800D8D981 /* IconImagesCache+Mac.swift */ = {isa = PBXFileReference; lastKnownFileType = sourcecode.swift; path = "IconImagesCache+Mac.swift"; sourceTree = "<group>"; };
		B5897CDA265B465100D8D981 /* IconImagesCache+iOS.swift */ = {isa = PBXFileReference; lastKnownFileType = sourcecode.swift; path = "IconImagesCache+iOS.swift"; sourceTree = "<group>"; };
		B5897CEF2666575000D8D981 /* TimelineScreen.swift */ = {isa = PBXFileReference; lastKnownFileType = sourcecode.swift; path = TimelineScreen.swift; sourceTree = "<group>"; };
		B5897CF12666579600D8D981 /* TimelineWindow.swift */ = {isa = PBXFileReference; lastKnownFileType = sourcecode.swift; path = TimelineWindow.swift; sourceTree = "<group>"; };
		B5897CF3266671E100D8D981 /* TimelineWindow.xib */ = {isa = PBXFileReference; lastKnownFileType = file.xib; path = TimelineWindow.xib; sourceTree = "<group>"; };
		B58E8D1E271BBB5500485B3D /* SafariView.swift */ = {isa = PBXFileReference; lastKnownFileType = sourcecode.swift; path = SafariView.swift; sourceTree = "<group>"; };
		B59EB1ED264D538700516CBB /* Notifications.swift */ = {isa = PBXFileReference; lastKnownFileType = sourcecode.swift; path = Notifications.swift; sourceTree = "<group>"; };
		B59EB1F0264D545300516CBB /* Timeline.Save.swift */ = {isa = PBXFileReference; lastKnownFileType = sourcecode.swift; path = Timeline.Save.swift; sourceTree = "<group>"; };
		B59EB1F8264E98B600516CBB /* HostRow.swift */ = {isa = PBXFileReference; lastKnownFileType = sourcecode.swift; path = HostRow.swift; sourceTree = "<group>"; };
		B5A0FEFB2904CFDC0005FA3D /* SummaryView.swift */ = {isa = PBXFileReference; fileEncoding = 4; lastKnownFileType = sourcecode.swift; path = SummaryView.swift; sourceTree = "<group>"; };
		B5B666A2290420B7008FFA42 /* TimelineEntry.swift */ = {isa = PBXFileReference; lastKnownFileType = sourcecode.swift; path = TimelineEntry.swift; sourceTree = "<group>"; };
		B5B666A629043760008FFA42 /* DurationText.swift */ = {isa = PBXFileReference; lastKnownFileType = sourcecode.swift; path = DurationText.swift; sourceTree = "<group>"; };
		B5B666AB29043983008FFA42 /* HistoryView.swift */ = {isa = PBXFileReference; lastKnownFileType = sourcecode.swift; path = HistoryView.swift; sourceTree = "<group>"; };
		B5C576FA271B1AB000FA65F6 /* MonitoredDevicesScreen.swift */ = {isa = PBXFileReference; lastKnownFileType = sourcecode.swift; path = MonitoredDevicesScreen.swift; sourceTree = "<group>"; };
		B5C576FC271B1DE300FA65F6 /* RemoteTimeline.swift */ = {isa = PBXFileReference; lastKnownFileType = sourcecode.swift; path = RemoteTimeline.swift; sourceTree = "<group>"; };
		B5C576FE271B371C00FA65F6 /* RemoteTimelineManager.swift */ = {isa = PBXFileReference; lastKnownFileType = sourcecode.swift; path = RemoteTimelineManager.swift; sourceTree = "<group>"; };
		B5C57703271B3F8D00FA65F6 /* HostDetailScreen.swift */ = {isa = PBXFileReference; lastKnownFileType = sourcecode.swift; path = HostDetailScreen.swift; sourceTree = "<group>"; };
		B5C57705271B76D400FA65F6 /* HostDayDetailsScreen.swift */ = {isa = PBXFileReference; lastKnownFileType = sourcecode.swift; path = HostDayDetailsScreen.swift; sourceTree = "<group>"; };
		B5C9493329058C8E00AD6883 /* Preview Assets.xcassets */ = {isa = PBXFileReference; lastKnownFileType = folder.assetcatalog; path = "Preview Assets.xcassets"; sourceTree = "<group>"; };
		B5C9493529058D0A00AD6883 /* MenuItem.swift */ = {isa = PBXFileReference; lastKnownFileType = sourcecode.swift; path = MenuItem.swift; sourceTree = "<group>"; };
		B5E59FED2906A02E00ABD6A1 /* AppDelegate.swift */ = {isa = PBXFileReference; lastKnownFileType = sourcecode.swift; path = AppDelegate.swift; sourceTree = "<group>"; };
		B5E59FF02906A0AC00ABD6A1 /* Base */ = {isa = PBXFileReference; lastKnownFileType = file.storyboard; name = Base; path = Base.lproj/Main.storyboard; sourceTree = "<group>"; };
		B5E59FF32906A14D00ABD6A1 /* NSApplication.swift */ = {isa = PBXFileReference; lastKnownFileType = sourcecode.swift; path = NSApplication.swift; sourceTree = "<group>"; };
		B5E59FFD2906A20D00ABD6A1 /* SummaryWindow.swift */ = {isa = PBXFileReference; lastKnownFileType = sourcecode.swift; path = SummaryWindow.swift; sourceTree = "<group>"; };
		B5E59FFF2906A24700ABD6A1 /* SummaryWindow.xib */ = {isa = PBXFileReference; fileEncoding = 4; lastKnownFileType = file.xib; path = SummaryWindow.xib; sourceTree = "<group>"; };
		B5E5A0012906A25800ABD6A1 /* SummaryScreen.swift */ = {isa = PBXFileReference; lastKnownFileType = sourcecode.swift; path = SummaryScreen.swift; sourceTree = "<group>"; };
		B5E92AB729060A5D00F303B5 /* Suite */ = {isa = PBXFileReference; lastKnownFileType = wrapper; name = Suite; path = ../../Frameworks/Suite; sourceTree = "<group>"; };
		B5E92AB829060A6400F303B5 /* Nearby */ = {isa = PBXFileReference; lastKnownFileType = wrapper; name = Nearby; path = ../../Frameworks/Nearby; sourceTree = "<group>"; };
		B5EE6658271990CD0035BC47 /* sample_log.txt */ = {isa = PBXFileReference; fileEncoding = 4; lastKnownFileType = text; path = sample_log.txt; sourceTree = "<group>"; };
/* End PBXFileReference section */

/* Begin PBXFrameworksBuildPhase section */
		B578F008290417E800C19E46 /* Frameworks */ = {
			isa = PBXFrameworksBuildPhase;
			buildActionMask = 2147483647;
			files = (
				B5E92AB229060A2000F303B5 /* Suite in Frameworks */,
				B5E92AB429060A3700F303B5 /* Nearby in Frameworks */,
				B5E92AB629060A5300F303B5 /* CrossPlatformKit in Frameworks */,
			);
			runOnlyForDeploymentPostprocessing = 0;
		};
		B5872B6F264A16E8001755F6 /* Frameworks */ = {
			isa = PBXFrameworksBuildPhase;
			buildActionMask = 2147483647;
			files = (
				B5872B8C264A1717001755F6 /* Suite in Frameworks */,
				B5585837264A991E00A91281 /* Nearby in Frameworks */,
				B5872BC4264CC20D001755F6 /* CrossPlatformKit in Frameworks */,
			);
			runOnlyForDeploymentPostprocessing = 0;
		};
		B5872B99264C7F3F001755F6 /* Frameworks */ = {
			isa = PBXFrameworksBuildPhase;
			buildActionMask = 2147483647;
			files = (
				B5872BB2264C7F5A001755F6 /* Suite in Frameworks */,
				B5872BB4264C7F62001755F6 /* Nearby in Frameworks */,
			);
			runOnlyForDeploymentPostprocessing = 0;
		};
/* End PBXFrameworksBuildPhase section */

/* Begin PBXGroup section */
		B5111EC029058C6000999B7A /* Resources */ = {
			isa = PBXGroup;
			children = (
				B5E59FEF2906A0AC00ABD6A1 /* Main.storyboard */,
				B578F02F29041A7200C19E46 /* Info.plist */,
				B5C9493229058C8E00AD6883 /* Preview Content */,
				B578F011290417E900C19E46 /* Assets.xcassets */,
				B578F016290417E900C19E46 /* LocalMonitor.entitlements */,
			);
			path = Resources;
			sourceTree = "<group>";
		};
		B558583C264BE00000A91281 /* Types */ = {
			isa = PBXGroup;
			children = (
				B5872B75264A16E8001755F6 /* AppDelegate.swift */,
				B5585838264BDCFE00A91281 /* ApplicationMonitor.swift */,
				B5585842264BE5F000A91281 /* BrowserMonitor.swift */,
				B5872B91264BF25F001755F6 /* BrowserURL.swift */,
				B5585844264BE68E00A91281 /* BrowserKind.swift */,
				B558583F264BE01600A91281 /* Script Runner */,
				B59EB1ED264D538700516CBB /* Notifications.swift */,
			);
			path = Types;
			sourceTree = "<group>";
		};
		B558583D264BE00600A91281 /* Extensions */ = {
			isa = PBXGroup;
			children = (
				B558583A264BDE4400A91281 /* NSRunningApplication+Browsers.swift */,
				B5872B88264A16FC001755F6 /* Process+Extensions.swift */,
			);
			path = Extensions;
			sourceTree = "<group>";
		};
		B558583E264BE00D00A91281 /* Screens */ = {
			isa = PBXGroup;
			children = (
				B5872B77264A16E8001755F6 /* ContentView.swift */,
			);
			path = Screens;
			sourceTree = "<group>";
		};
		B558583F264BE01600A91281 /* Script Runner */ = {
			isa = PBXGroup;
			children = (
				B5872B8D264A17AD001755F6 /* ScriptRunner.swift */,
				B5585831264A8D4100A91281 /* ScriptRunner.Command.swift */,
			);
			path = "Script Runner";
			sourceTree = "<group>";
		};
		B558584B264D371300A91281 /* Timeline */ = {
			isa = PBXGroup;
			children = (
				B5585840264BE03900A91281 /* Timeline.swift */,
				B5B666A2290420B7008FFA42 /* TimelineEntry.swift */,
				B523A4DD2904B382005C530B /* Timeline.Summary.swift */,
				B59EB1F0264D545300516CBB /* Timeline.Save.swift */,
				B5879F8527199EDC00836D71 /* Array+Timeline.Entry.swift */,
				B5C576FC271B1DE300FA65F6 /* RemoteTimeline.swift */,
				B5C576FE271B371C00FA65F6 /* RemoteTimelineManager.swift */,
				B5111EBC2905878E00999B7A /* LocalTimelineManager.swift */,
			);
			path = Timeline;
			sourceTree = "<group>";
		};
		B578F0012904108800C19E46 /* Resources */ = {
			isa = PBXGroup;
			children = (
				B5872B79264A16E9001755F6 /* Assets.xcassets */,
				B5872B7E264A16E9001755F6 /* Main.storyboard */,
				B5872B81264A16E9001755F6 /* Info.plist */,
				B5872B82264A16E9001755F6 /* Watcher.entitlements */,
				B5872B7B264A16E9001755F6 /* Preview Content */,
			);
			path = Resources;
			sourceTree = "<group>";
		};
		B578F002290410C100C19E46 /* Types */ = {
			isa = PBXGroup;
			children = (
				B5872B9E264C7F3F001755F6 /* AppDelegate.swift */,
				B5872BA0264C7F3F001755F6 /* SceneDelegate.swift */,
			);
			path = Types;
			sourceTree = "<group>";
		};
		B578F003290410DD00C19E46 /* Screens */ = {
			isa = PBXGroup;
			children = (
				B5872BA2264C7F3F001755F6 /* ContentScreen.swift */,
				B5C576FA271B1AB000FA65F6 /* MonitoredDevicesScreen.swift */,
				B5C57703271B3F8D00FA65F6 /* HostDetailScreen.swift */,
				B5C57705271B76D400FA65F6 /* HostDayDetailsScreen.swift */,
			);
			path = Screens;
			sourceTree = "<group>";
		};
		B578F004290410E700C19E46 /* Views */ = {
			isa = PBXGroup;
			children = (
				B5879F882719A7E200836D71 /* FilteredHistoryView.swift */,
				B5879F8B271A497200836D71 /* DateLine.swift */,
				B5585846264D307700A91281 /* HostListView.swift */,
				B58E8D1E271BBB5500485B3D /* SafariView.swift */,
				B59EB1F8264E98B600516CBB /* HostRow.swift */,
			);
			path = Views;
			sourceTree = "<group>";
		};
		B578F005290410EE00C19E46 /* Resources */ = {
			isa = PBXGroup;
			children = (
				B5872BA4264C7F41001755F6 /* Assets.xcassets */,
				B5872BA9264C7F41001755F6 /* LaunchScreen.storyboard */,
				B5872BAC264C7F41001755F6 /* Info.plist */,
				B5872BA6264C7F41001755F6 /* Preview Content */,
			);
			path = Resources;
			sourceTree = "<group>";
		};
		B578F0062904151800C19E46 /* Shared */ = {
			isa = PBXGroup;
			children = (
				B5E59FF22906A14200ABD6A1 /* Mac */,
				B5B666AA2904386A008FFA42 /* Views */,
				B534F7A427ACA367004F174C /* Settings.swift */,
				B578F01A2904195700C19E46 /* Constants.swift */,
				B558584B264D371300A91281 /* Timeline */,
				B5872BBE264CBA91001755F6 /* Comms */,
				B578F03029041D9E00C19E46 /* Shared.xcassets */,
			);
			path = Shared;
			sourceTree = "<group>";
		};
		B578F00C290417E800C19E46 /* LocalMonitor */ = {
			isa = PBXGroup;
			children = (
				B5E59FED2906A02E00ABD6A1 /* AppDelegate.swift */,
				B5C9493529058D0A00AD6883 /* MenuItem.swift */,
				B578F00F290417E800C19E46 /* ContentView.swift */,
				B5111EC029058C6000999B7A /* Resources */,
			);
			path = LocalMonitor;
			sourceTree = "<group>";
		};
		B5872B69264A16E8001755F6 = {
			isa = PBXGroup;
			children = (
				B5E92AB829060A6400F303B5 /* Nearby */,
				B5E92AB729060A5D00F303B5 /* Suite */,
				B578F0062904151800C19E46 /* Shared */,
				B5872B74264A16E8001755F6 /* Watcher */,
				B5872B9D264C7F3F001755F6 /* RemoteMonitor */,
				B578F00C290417E800C19E46 /* LocalMonitor */,
				B5872B73264A16E8001755F6 /* Products */,
				B5872BB0264C7F5A001755F6 /* Frameworks */,
			);
			indentWidth = 3;
			sourceTree = "<group>";
			tabWidth = 3;
		};
		B5872B73264A16E8001755F6 /* Products */ = {
			isa = PBXGroup;
			children = (
				B5872B72264A16E8001755F6 /* spuD.app */,
				B5872B9C264C7F3F001755F6 /* RemoteMonitor.app */,
				B578F00B290417E800C19E46 /* LocalMonitor.app */,
			);
			name = Products;
			sourceTree = "<group>";
		};
		B5872B74264A16E8001755F6 /* Watcher */ = {
			isa = PBXGroup;
			children = (
				B558583C264BE00000A91281 /* Types */,
				B558583E264BE00D00A91281 /* Screens */,
				B558583D264BE00600A91281 /* Extensions */,
				B578F0012904108800C19E46 /* Resources */,
			);
			path = Watcher;
			sourceTree = "<group>";
		};
		B5872B7B264A16E9001755F6 /* Preview Content */ = {
			isa = PBXGroup;
			children = (
				B5EE6658271990CD0035BC47 /* sample_log.txt */,
				B5872B7C264A16E9001755F6 /* Preview Assets.xcassets */,
			);
			path = "Preview Content";
			sourceTree = "<group>";
		};
		B5872B9D264C7F3F001755F6 /* RemoteMonitor */ = {
			isa = PBXGroup;
			children = (
				B578F002290410C100C19E46 /* Types */,
				B578F003290410DD00C19E46 /* Screens */,
				B578F004290410E700C19E46 /* Views */,
				B578F005290410EE00C19E46 /* Resources */,
			);
			path = RemoteMonitor;
			sourceTree = "<group>";
		};
		B5872BA6264C7F41001755F6 /* Preview Content */ = {
			isa = PBXGroup;
			children = (
				B5872BA7264C7F41001755F6 /* Preview Assets.xcassets */,
			);
			path = "Preview Content";
			sourceTree = "<group>";
		};
		B5872BB0264C7F5A001755F6 /* Frameworks */ = {
			isa = PBXGroup;
			children = (
			);
			name = Frameworks;
			sourceTree = "<group>";
		};
		B5872BBE264CBA91001755F6 /* Comms */ = {
			isa = PBXGroup;
			children = (
				B5872B95264C0362001755F6 /* OtherDevices.swift */,
				B5897C7C2655E7C200D8D981 /* IconImagesCache.swift */,
				B5897CDA265B465100D8D981 /* IconImagesCache+iOS.swift */,
				B5897CD8265B127800D8D981 /* IconImagesCache+Mac.swift */,
				B5872BBF264CBAED001755F6 /* NearbyDevice+Extensions.swift */,
				B5585848264D310C00A91281 /* NearbySession+Extension.swift */,
				B5872BBB264CB808001755F6 /* Messages.swift */,
				B558584C264D383C00A91281 /* NearbyHostManager.swift */,
				B5585852264D3C8700A91281 /* NearbyMonitorManager.swift */,
				B558584F264D38B800A91281 /* NearbyHost.swift */,
				B5585855264D3CD300A91281 /* NearbyMonitor.swift */,
			);
			path = Comms;
			sourceTree = "<group>";
		};
		B5879F7827199C4900836D71 /* History View */ = {
			isa = PBXGroup;
			children = (
				B5B666AB29043983008FFA42 /* HistoryView.swift */,
				B5879F7927199C8900836D71 /* HistoryAppRow.swift */,
				B534F773279F9C3B004F174C /* KnownApps.swift */,
				B5879F7F27199CEA00836D71 /* HistoryRow.swift */,
				B5879F7C27199CB600836D71 /* HistoryBrowserRow.swift */,
				B5B666A629043760008FFA42 /* DurationText.swift */,
			);
			path = "History View";
			sourceTree = "<group>";
		};
		B5B666AA2904386A008FFA42 /* Views */ = {
			isa = PBXGroup;
			children = (
				B5111EB829057CB300999B7A /* SortedSummaryView.swift */,
				B5A0FEFB2904CFDC0005FA3D /* SummaryView.swift */,
				B5879F7827199C4900836D71 /* History View */,
			);
			path = Views;
			sourceTree = "<group>";
		};
		B5C9493229058C8E00AD6883 /* Preview Content */ = {
			isa = PBXGroup;
			children = (
				B5C9493329058C8E00AD6883 /* Preview Assets.xcassets */,
			);
			path = "Preview Content";
			sourceTree = "<group>";
		};
		B5E59FF22906A14200ABD6A1 /* Mac */ = {
			isa = PBXGroup;
			children = (
				B5E59FF32906A14D00ABD6A1 /* NSApplication.swift */,
				B5585833264A8F5F00A91281 /* ScriptEditor.swift */,
				B5897CEF2666575000D8D981 /* TimelineScreen.swift */,
				B5897CF12666579600D8D981 /* TimelineWindow.swift */,
				B5E5A0012906A25800ABD6A1 /* SummaryScreen.swift */,
				B5E59FFD2906A20D00ABD6A1 /* SummaryWindow.swift */,
				B5E59FFF2906A24700ABD6A1 /* SummaryWindow.xib */,
				B5897CF3266671E100D8D981 /* TimelineWindow.xib */,
			);
			path = Mac;
			sourceTree = "<group>";
		};
/* End PBXGroup section */

/* Begin PBXNativeTarget section */
		B578F00A290417E800C19E46 /* LocalMonitor */ = {
			isa = PBXNativeTarget;
			buildConfigurationList = B578F017290417E900C19E46 /* Build configuration list for PBXNativeTarget "LocalMonitor" */;
			buildPhases = (
				B578F007290417E800C19E46 /* Sources */,
				B578F008290417E800C19E46 /* Frameworks */,
				B578F009290417E800C19E46 /* Resources */,
			);
			buildRules = (
			);
			dependencies = (
			);
			name = LocalMonitor;
			packageProductDependencies = (
				B5E92AB129060A2000F303B5 /* Suite */,
				B5E92AB329060A3700F303B5 /* Nearby */,
				B5E92AB529060A5300F303B5 /* CrossPlatformKit */,
			);
			productName = LocalWatcher;
			productReference = B578F00B290417E800C19E46 /* LocalMonitor.app */;
			productType = "com.apple.product-type.application";
		};
		B5872B71264A16E8001755F6 /* Watcher */ = {
			isa = PBXNativeTarget;
			buildConfigurationList = B5872B85264A16E9001755F6 /* Build configuration list for PBXNativeTarget "Watcher" */;
			buildPhases = (
				B5872B6E264A16E8001755F6 /* Sources */,
				B5872B6F264A16E8001755F6 /* Frameworks */,
				B5872B70264A16E8001755F6 /* Resources */,
			);
			buildRules = (
			);
			dependencies = (
			);
			name = Watcher;
			packageProductDependencies = (
				B5872B8B264A1717001755F6 /* Suite */,
				B5585836264A991E00A91281 /* Nearby */,
				B5872BC3264CC20D001755F6 /* CrossPlatformKit */,
			);
			productName = Watcher;
			productReference = B5872B72264A16E8001755F6 /* spuD.app */;
			productType = "com.apple.product-type.application";
		};
		B5872B9B264C7F3F001755F6 /* RemoteMonitor */ = {
			isa = PBXNativeTarget;
			buildConfigurationList = B5872BAD264C7F41001755F6 /* Build configuration list for PBXNativeTarget "RemoteMonitor" */;
			buildPhases = (
				B5872B98264C7F3F001755F6 /* Sources */,
				B5872B99264C7F3F001755F6 /* Frameworks */,
				B5872B9A264C7F3F001755F6 /* Resources */,
			);
			buildRules = (
			);
			dependencies = (
			);
			name = RemoteMonitor;
			packageProductDependencies = (
				B5872BB1264C7F5A001755F6 /* Suite */,
				B5872BB3264C7F62001755F6 /* Nearby */,
			);
			productName = Monitor;
			productReference = B5872B9C264C7F3F001755F6 /* RemoteMonitor.app */;
			productType = "com.apple.product-type.application";
		};
/* End PBXNativeTarget section */

/* Begin PBXProject section */
		B5872B6A264A16E8001755F6 /* Project object */ = {
			isa = PBXProject;
			attributes = {
				LastSwiftUpdateCheck = 1400;
				LastUpgradeCheck = 1400;
				TargetAttributes = {
					B578F00A290417E800C19E46 = {
						CreatedOnToolsVersion = 14.0;
					};
					B5872B71264A16E8001755F6 = {
						CreatedOnToolsVersion = 12.5;
					};
					B5872B9B264C7F3F001755F6 = {
						CreatedOnToolsVersion = 12.5;
					};
				};
			};
			buildConfigurationList = B5872B6D264A16E8001755F6 /* Build configuration list for PBXProject "Watcher" */;
			compatibilityVersion = "Xcode 9.3";
			developmentRegion = en;
			hasScannedForEncodings = 0;
			knownRegions = (
				en,
				Base,
			);
			mainGroup = B5872B69264A16E8001755F6;
			packageReferences = (
				B5872B8A264A1717001755F6 /* XCRemoteSwiftPackageReference "suite" */,
				B5585835264A991E00A91281 /* XCRemoteSwiftPackageReference "nearby" */,
				B5872BC2264CC20D001755F6 /* XCRemoteSwiftPackageReference "CrossPlatformKit" */,
			);
			productRefGroup = B5872B73264A16E8001755F6 /* Products */;
			projectDirPath = "";
			projectRoot = "";
			targets = (
				B5872B71264A16E8001755F6 /* Watcher */,
				B5872B9B264C7F3F001755F6 /* RemoteMonitor */,
				B578F00A290417E800C19E46 /* LocalMonitor */,
			);
		};
/* End PBXProject section */

/* Begin PBXResourcesBuildPhase section */
		B578F009290417E800C19E46 /* Resources */ = {
			isa = PBXResourcesBuildPhase;
			buildActionMask = 2147483647;
			files = (
				B5E92AC12906B75500F303B5 /* Main.storyboard in Resources */,
				B5E59FF82906A1F500ABD6A1 /* TimelineWindow.xib in Resources */,
				B578F012290417E900C19E46 /* Assets.xcassets in Resources */,
				B5E5A0002906A24700ABD6A1 /* SummaryWindow.xib in Resources */,
				B5C9493429058C8F00AD6883 /* Preview Assets.xcassets in Resources */,
				B578F03329041D9E00C19E46 /* Shared.xcassets in Resources */,
			);
			runOnlyForDeploymentPostprocessing = 0;
		};
		B5872B70264A16E8001755F6 /* Resources */ = {
			isa = PBXResourcesBuildPhase;
			buildActionMask = 2147483647;
			files = (
				B5897CF4266671E100D8D981 /* TimelineWindow.xib in Resources */,
				B578F03129041D9E00C19E46 /* Shared.xcassets in Resources */,
				B5EE6659271990CD0035BC47 /* sample_log.txt in Resources */,
				B5E92AC22906B75A00F303B5 /* Main.storyboard in Resources */,
				B5872B7D264A16E9001755F6 /* Preview Assets.xcassets in Resources */,
				B5872B7A264A16E9001755F6 /* Assets.xcassets in Resources */,
				B5E92AC42906B79500F303B5 /* SummaryWindow.xib in Resources */,
			);
			runOnlyForDeploymentPostprocessing = 0;
		};
		B5872B9A264C7F3F001755F6 /* Resources */ = {
			isa = PBXResourcesBuildPhase;
			buildActionMask = 2147483647;
			files = (
				B5872BAB264C7F41001755F6 /* LaunchScreen.storyboard in Resources */,
				B578F03229041D9E00C19E46 /* Shared.xcassets in Resources */,
				B5872BA8264C7F41001755F6 /* Preview Assets.xcassets in Resources */,
				B5872BA5264C7F41001755F6 /* Assets.xcassets in Resources */,
				B5EE665A271990CD0035BC47 /* sample_log.txt in Resources */,
			);
			runOnlyForDeploymentPostprocessing = 0;
		};
/* End PBXResourcesBuildPhase section */

/* Begin PBXSourcesBuildPhase section */
		B578F007290417E800C19E46 /* Sources */ = {
			isa = PBXSourcesBuildPhase;
			buildActionMask = 2147483647;
			files = (
				B5E92ABC29060AC300F303B5 /* Notifications.swift in Sources */,
				B578F0242904195E00C19E46 /* Timeline.Save.swift in Sources */,
				B578F0252904196700C19E46 /* NearbyHostManager.swift in Sources */,
				B5B666A5290420B7008FFA42 /* TimelineEntry.swift in Sources */,
				B5E5A0022906A25800ABD6A1 /* SummaryScreen.swift in Sources */,
				B5111EBB29057CB300999B7A /* SortedSummaryView.swift in Sources */,
				B578F0232904195E00C19E46 /* Timeline.swift in Sources */,
				B5E92AB929060A9E00F303B5 /* BrowserURL.swift in Sources */,
				B5B666A929043760008FFA42 /* DurationText.swift in Sources */,
				B5111EBF2905878E00999B7A /* LocalTimelineManager.swift in Sources */,
				B578F02D2904196700C19E46 /* OtherDevices.swift in Sources */,
				B578F0282904196700C19E46 /* Messages.swift in Sources */,
				B5E92ABB29060ABC00F303B5 /* BrowserMonitor.swift in Sources */,
				B578F0202904195E00C19E46 /* RemoteTimeline.swift in Sources */,
				B578F02C2904196700C19E46 /* NearbyMonitor.swift in Sources */,
				B578F010290417E800C19E46 /* ContentView.swift in Sources */,
				B5E92ABF29060B1F00F303B5 /* ScriptRunner.Command.swift in Sources */,
				B578F02E2904196700C19E46 /* NearbySession+Extension.swift in Sources */,
				B5E59FEE2906A02E00ABD6A1 /* AppDelegate.swift in Sources */,
				B578F01E2904195A00C19E46 /* Settings.swift in Sources */,
				B5E92ABD29060AFE00F303B5 /* NSRunningApplication+Browsers.swift in Sources */,
				B5E59FFE2906A20D00ABD6A1 /* SummaryWindow.swift in Sources */,
				B578F0272904196700C19E46 /* NearbyDevice+Extensions.swift in Sources */,
				B5E59FF72906A1E600ABD6A1 /* ScriptEditor.swift in Sources */,
				B5E59FF62906A1E600ABD6A1 /* TimelineScreen.swift in Sources */,
				B578F02A2904196700C19E46 /* NearbyMonitorManager.swift in Sources */,
				B578F0262904196700C19E46 /* IconImagesCache+Mac.swift in Sources */,
				B578F02B2904196700C19E46 /* NearbyHost.swift in Sources */,
				B5C9493629058D0A00AD6883 /* MenuItem.swift in Sources */,
				B523A4E02904B382005C530B /* Timeline.Summary.swift in Sources */,
				B5E59FF42906A14D00ABD6A1 /* NSApplication.swift in Sources */,
				B578F0212904195E00C19E46 /* RemoteTimelineManager.swift in Sources */,
				B578F01D2904195700C19E46 /* Constants.swift in Sources */,
				B5A0FEFE2904CFDC0005FA3D /* SummaryView.swift in Sources */,
				B5E92ABE29060B1000F303B5 /* ScriptRunner.swift in Sources */,
				B578F0222904195E00C19E46 /* Array+Timeline.Entry.swift in Sources */,
				B5E92ABA29060AAA00F303B5 /* BrowserKind.swift in Sources */,
				B578F0292904196700C19E46 /* IconImagesCache.swift in Sources */,
				B5E59FF52906A1E600ABD6A1 /* TimelineWindow.swift in Sources */,
				B5E92AC029060B3100F303B5 /* Process+Extensions.swift in Sources */,
			);
			runOnlyForDeploymentPostprocessing = 0;
		};
		B5872B6E264A16E8001755F6 /* Sources */ = {
			isa = PBXSourcesBuildPhase;
			buildActionMask = 2147483647;
			files = (
				B5E92AC32906B79500F303B5 /* SummaryWindow.swift in Sources */,
				B523A4DE2904B382005C530B /* Timeline.Summary.swift in Sources */,
				B5111EBD2905878E00999B7A /* LocalTimelineManager.swift in Sources */,
				B5585832264A8D4100A91281 /* ScriptRunner.Command.swift in Sources */,
				B5E92AC52906B79800F303B5 /* SummaryScreen.swift in Sources */,
				B558583B264BDE4400A91281 /* NSRunningApplication+Browsers.swift in Sources */,
				B59EB1F1264D545300516CBB /* Timeline.Save.swift in Sources */,
				B59EB1EE264D538700516CBB /* Notifications.swift in Sources */,
				B534F7A627ACCC8C004F174C /* Settings.swift in Sources */,
				B5585856264D3CD300A91281 /* NearbyMonitor.swift in Sources */,
				B5C57701271B3E1400FA65F6 /* RemoteTimeline.swift in Sources */,
				B5879F8027199CEA00836D71 /* HistoryRow.swift in Sources */,
				B5872B92264BF25F001755F6 /* BrowserURL.swift in Sources */,
				B5B666A729043760008FFA42 /* DurationText.swift in Sources */,
				B5E59FFB2906A1F500ABD6A1 /* TimelineScreen.swift in Sources */,
				B5872BC0264CBAED001755F6 /* NearbyDevice+Extensions.swift in Sources */,
				B5585853264D3C8700A91281 /* NearbyMonitorManager.swift in Sources */,
				B5585850264D38B800A91281 /* NearbyHost.swift in Sources */,
				B5585843264BE5F000A91281 /* BrowserMonitor.swift in Sources */,
				B558584D264D383C00A91281 /* NearbyHostManager.swift in Sources */,
				B5585839264BDCFE00A91281 /* ApplicationMonitor.swift in Sources */,
				B5872B8E264A17AD001755F6 /* ScriptRunner.swift in Sources */,
				B5879F7A27199C8900836D71 /* HistoryAppRow.swift in Sources */,
				B5872BBC264CB808001755F6 /* Messages.swift in Sources */,
				B534F7A327AB38B0004F174C /* KnownApps.swift in Sources */,
				B5E59FFA2906A1F500ABD6A1 /* TimelineWindow.swift in Sources */,
				B5E59FF92906A1F500ABD6A1 /* ScriptEditor.swift in Sources */,
				B5111EB929057CB300999B7A /* SortedSummaryView.swift in Sources */,
				B5897CD9265B127800D8D981 /* IconImagesCache+Mac.swift in Sources */,
				B5872B89264A16FC001755F6 /* Process+Extensions.swift in Sources */,
				B5879F8C271A497200836D71 /* DateLine.swift in Sources */,
				B5872B78264A16E8001755F6 /* ContentView.swift in Sources */,
				B5A0FEFC2904CFDC0005FA3D /* SummaryView.swift in Sources */,
				B5879F8627199EDC00836D71 /* Array+Timeline.Entry.swift in Sources */,
				B5872B76264A16E8001755F6 /* AppDelegate.swift in Sources */,
				B5E59FFC2906A1F800ABD6A1 /* NSApplication.swift in Sources */,
				B5897C7D2655E7C200D8D981 /* IconImagesCache.swift in Sources */,
				B5585845264BE68E00A91281 /* BrowserKind.swift in Sources */,
				B5B666A3290420B7008FFA42 /* TimelineEntry.swift in Sources */,
				B5C57702271B3E1400FA65F6 /* RemoteTimelineManager.swift in Sources */,
				B5872B96264C0362001755F6 /* OtherDevices.swift in Sources */,
				B5585849264D310C00A91281 /* NearbySession+Extension.swift in Sources */,
				B5585841264BE03900A91281 /* Timeline.swift in Sources */,
				B578F01B2904195700C19E46 /* Constants.swift in Sources */,
			);
			runOnlyForDeploymentPostprocessing = 0;
		};
		B5872B98264C7F3F001755F6 /* Sources */ = {
			isa = PBXSourcesBuildPhase;
			buildActionMask = 2147483647;
			files = (
				B5879F8727199EDC00836D71 /* Array+Timeline.Entry.swift in Sources */,
				B5C576FB271B1AB000FA65F6 /* MonitoredDevicesScreen.swift in Sources */,
				B5C57704271B3F8D00FA65F6 /* HostDetailScreen.swift in Sources */,
				B5879F8127199CEA00836D71 /* HistoryRow.swift in Sources */,
				B5585854264D3C8700A91281 /* NearbyMonitorManager.swift in Sources */,
				B5872B9F264C7F3F001755F6 /* AppDelegate.swift in Sources */,
				B534F7A527ACA367004F174C /* Settings.swift in Sources */,
				B5872BBD264CBA7C001755F6 /* Messages.swift in Sources */,
				B5897C7E2655E7C200D8D981 /* IconImagesCache.swift in Sources */,
				B5585851264D38B800A91281 /* NearbyHost.swift in Sources */,
				B5B666A829043760008FFA42 /* DurationText.swift in Sources */,
				B523A4DF2904B382005C530B /* Timeline.Summary.swift in Sources */,
				B5C576FF271B371C00FA65F6 /* RemoteTimelineManager.swift in Sources */,
				B58E8D1F271BBB5500485B3D /* SafariView.swift in Sources */,
				B5872BB9264C80AC001755F6 /* OtherDevices.swift in Sources */,
				B5879F7E27199CB600836D71 /* HistoryBrowserRow.swift in Sources */,
				B5872BB7264C7FE2001755F6 /* BrowserURL.swift in Sources */,
				B5B666A4290420B7008FFA42 /* TimelineEntry.swift in Sources */,
				B5585857264D3CD300A91281 /* NearbyMonitor.swift in Sources */,
				B5879F7B27199C8900836D71 /* HistoryAppRow.swift in Sources */,
				B5897CDC265B468600D8D981 /* IconImagesCache+iOS.swift in Sources */,
				B5879F8D271A497200836D71 /* DateLine.swift in Sources */,
				B5111EBE2905878E00999B7A /* LocalTimelineManager.swift in Sources */,
				B534F774279F9C3B004F174C /* KnownApps.swift in Sources */,
				B558584A264D310C00A91281 /* NearbySession+Extension.swift in Sources */,
				B5872BA1264C7F3F001755F6 /* SceneDelegate.swift in Sources */,
				B5C57706271B76D400FA65F6 /* HostDayDetailsScreen.swift in Sources */,
				B5872BC1264CBAED001755F6 /* NearbyDevice+Extensions.swift in Sources */,
				B5585847264D307700A91281 /* HostListView.swift in Sources */,
				B59EB1F2264D545300516CBB /* Timeline.Save.swift in Sources */,
				B59EB1FA264E98B600516CBB /* HostRow.swift in Sources */,
				B5879F8A2719A7E200836D71 /* FilteredHistoryView.swift in Sources */,
				B5C57700271B372200FA65F6 /* RemoteTimeline.swift in Sources */,
				B5A0FEFD2904CFDC0005FA3D /* SummaryView.swift in Sources */,
				B5B666AF2904398E008FFA42 /* HistoryView.swift in Sources */,
				B558584E264D383C00A91281 /* NearbyHostManager.swift in Sources */,
				B59EB1EF264D538700516CBB /* Notifications.swift in Sources */,
				B5872BB5264C7FD9001755F6 /* Timeline.swift in Sources */,
				B5872BB8264C7FE2001755F6 /* BrowserKind.swift in Sources */,
				B578F01C2904195700C19E46 /* Constants.swift in Sources */,
				B5872BA3264C7F3F001755F6 /* ContentScreen.swift in Sources */,
				B5111EBA29057CB300999B7A /* SortedSummaryView.swift in Sources */,
			);
			runOnlyForDeploymentPostprocessing = 0;
		};
/* End PBXSourcesBuildPhase section */

/* Begin PBXVariantGroup section */
		B5872B7E264A16E9001755F6 /* Main.storyboard */ = {
			isa = PBXVariantGroup;
			children = (
				B5872B7F264A16E9001755F6 /* Base */,
			);
			name = Main.storyboard;
			sourceTree = "<group>";
		};
		B5872BA9264C7F41001755F6 /* LaunchScreen.storyboard */ = {
			isa = PBXVariantGroup;
			children = (
				B5872BAA264C7F41001755F6 /* Base */,
			);
			name = LaunchScreen.storyboard;
			sourceTree = "<group>";
		};
		B5E59FEF2906A0AC00ABD6A1 /* Main.storyboard */ = {
			isa = PBXVariantGroup;
			children = (
				B5E59FF02906A0AC00ABD6A1 /* Base */,
			);
			name = Main.storyboard;
			sourceTree = "<group>";
		};
/* End PBXVariantGroup section */

/* Begin XCBuildConfiguration section */
		B578F018290417E900C19E46 /* Debug */ = {
			isa = XCBuildConfiguration;
			buildSettings = {
				ASSETCATALOG_COMPILER_APPICON_NAME = AppIcon;
				ASSETCATALOG_COMPILER_GLOBAL_ACCENT_COLOR_NAME = AccentColor;
				CLANG_CXX_LANGUAGE_STANDARD = "gnu++20";
				CODE_SIGN_ENTITLEMENTS = LocalMonitor/Resources/LocalMonitor.entitlements;
				"CODE_SIGN_IDENTITY[sdk=macosx*]" = "-";
				CODE_SIGN_STYLE = Automatic;
				COMBINE_HIDPI_IMAGES = YES;
				CURRENT_PROJECT_VERSION = 1;
				DEVELOPMENT_ASSET_PATHS = "\"LocalMonitor/Resources/Preview Content\"";
				DEVELOPMENT_TEAM = YY6CWUX533;
				ENABLE_HARDENED_RUNTIME = YES;
				ENABLE_PREVIEWS = YES;
				GENERATE_INFOPLIST_FILE = YES;
				INFOPLIST_FILE = LocalMonitor/Resources/Info.plist;
				INFOPLIST_KEY_NSHumanReadableCopyright = "";
				INFOPLIST_KEY_NSMainStoryboardFile = Main;
				INFOPLIST_KEY_NSPrincipalClass = NSApplication;
				LD_RUNPATH_SEARCH_PATHS = (
					"$(inherited)",
					"@executable_path/../Frameworks",
				);
				MACOSX_DEPLOYMENT_TARGET = 12.3;
				MARKETING_VERSION = 1.0;
				PRODUCT_BUNDLE_IDENTIFIER = com.standalone.LocalMonitor;
				PRODUCT_NAME = "$(TARGET_NAME)";
				SWIFT_EMIT_LOC_STRINGS = YES;
				SWIFT_VERSION = 5.0;
			};
			name = Debug;
		};
		B578F019290417E900C19E46 /* Release */ = {
			isa = XCBuildConfiguration;
			buildSettings = {
				ASSETCATALOG_COMPILER_APPICON_NAME = AppIcon;
				ASSETCATALOG_COMPILER_GLOBAL_ACCENT_COLOR_NAME = AccentColor;
				CLANG_CXX_LANGUAGE_STANDARD = "gnu++20";
				CODE_SIGN_ENTITLEMENTS = LocalMonitor/Resources/LocalMonitor.entitlements;
				"CODE_SIGN_IDENTITY[sdk=macosx*]" = "-";
				CODE_SIGN_STYLE = Automatic;
				COMBINE_HIDPI_IMAGES = YES;
				CURRENT_PROJECT_VERSION = 1;
				DEVELOPMENT_ASSET_PATHS = "\"LocalMonitor/Resources/Preview Content\"";
				DEVELOPMENT_TEAM = YY6CWUX533;
				ENABLE_HARDENED_RUNTIME = YES;
				ENABLE_PREVIEWS = YES;
				GENERATE_INFOPLIST_FILE = YES;
				INFOPLIST_FILE = LocalMonitor/Resources/Info.plist;
				INFOPLIST_KEY_NSHumanReadableCopyright = "";
				INFOPLIST_KEY_NSMainStoryboardFile = Main;
				INFOPLIST_KEY_NSPrincipalClass = NSApplication;
				LD_RUNPATH_SEARCH_PATHS = (
					"$(inherited)",
					"@executable_path/../Frameworks",
				);
				MACOSX_DEPLOYMENT_TARGET = 12.3;
				MARKETING_VERSION = 1.0;
				PRODUCT_BUNDLE_IDENTIFIER = com.standalone.LocalMonitor;
				PRODUCT_NAME = "$(TARGET_NAME)";
				SWIFT_EMIT_LOC_STRINGS = YES;
				SWIFT_VERSION = 5.0;
			};
			name = Release;
		};
		B5872B83264A16E9001755F6 /* Debug */ = {
			isa = XCBuildConfiguration;
			buildSettings = {
				ALWAYS_SEARCH_USER_PATHS = NO;
				CLANG_ANALYZER_NONNULL = YES;
				CLANG_ANALYZER_NUMBER_OBJECT_CONVERSION = YES_AGGRESSIVE;
				CLANG_CXX_LANGUAGE_STANDARD = "gnu++14";
				CLANG_CXX_LIBRARY = "libc++";
				CLANG_ENABLE_MODULES = YES;
				CLANG_ENABLE_OBJC_ARC = YES;
				CLANG_ENABLE_OBJC_WEAK = YES;
				CLANG_WARN_BLOCK_CAPTURE_AUTORELEASING = YES;
				CLANG_WARN_BOOL_CONVERSION = YES;
				CLANG_WARN_COMMA = YES;
				CLANG_WARN_CONSTANT_CONVERSION = YES;
				CLANG_WARN_DEPRECATED_OBJC_IMPLEMENTATIONS = YES;
				CLANG_WARN_DIRECT_OBJC_ISA_USAGE = YES_ERROR;
				CLANG_WARN_DOCUMENTATION_COMMENTS = YES;
				CLANG_WARN_EMPTY_BODY = YES;
				CLANG_WARN_ENUM_CONVERSION = YES;
				CLANG_WARN_INFINITE_RECURSION = YES;
				CLANG_WARN_INT_CONVERSION = YES;
				CLANG_WARN_NON_LITERAL_NULL_CONVERSION = YES;
				CLANG_WARN_OBJC_IMPLICIT_RETAIN_SELF = YES;
				CLANG_WARN_OBJC_LITERAL_CONVERSION = YES;
				CLANG_WARN_OBJC_ROOT_CLASS = YES_ERROR;
				CLANG_WARN_QUOTED_INCLUDE_IN_FRAMEWORK_HEADER = YES;
				CLANG_WARN_RANGE_LOOP_ANALYSIS = YES;
				CLANG_WARN_STRICT_PROTOTYPES = YES;
				CLANG_WARN_SUSPICIOUS_MOVE = YES;
				CLANG_WARN_UNGUARDED_AVAILABILITY = YES_AGGRESSIVE;
				CLANG_WARN_UNREACHABLE_CODE = YES;
				CLANG_WARN__DUPLICATE_METHOD_MATCH = YES;
				COPY_PHASE_STRIP = NO;
				DEAD_CODE_STRIPPING = YES;
				DEBUG_INFORMATION_FORMAT = dwarf;
				ENABLE_STRICT_OBJC_MSGSEND = YES;
				ENABLE_TESTABILITY = YES;
				GCC_C_LANGUAGE_STANDARD = gnu11;
				GCC_DYNAMIC_NO_PIC = NO;
				GCC_NO_COMMON_BLOCKS = YES;
				GCC_OPTIMIZATION_LEVEL = 0;
				GCC_PREPROCESSOR_DEFINITIONS = (
					"DEBUG=1",
					"$(inherited)",
				);
				GCC_WARN_64_TO_32_BIT_CONVERSION = YES;
				GCC_WARN_ABOUT_RETURN_TYPE = YES_ERROR;
				GCC_WARN_UNDECLARED_SELECTOR = YES;
				GCC_WARN_UNINITIALIZED_AUTOS = YES_AGGRESSIVE;
				GCC_WARN_UNUSED_FUNCTION = YES;
				GCC_WARN_UNUSED_VARIABLE = YES;
				MACOSX_DEPLOYMENT_TARGET = 11.0;
				MTL_ENABLE_DEBUG_INFO = INCLUDE_SOURCE;
				MTL_FAST_MATH = YES;
				ONLY_ACTIVE_ARCH = YES;
				SDKROOT = macosx;
				SWIFT_ACTIVE_COMPILATION_CONDITIONS = DEBUG;
				SWIFT_OPTIMIZATION_LEVEL = "-Onone";
			};
			name = Debug;
		};
		B5872B84264A16E9001755F6 /* Release */ = {
			isa = XCBuildConfiguration;
			buildSettings = {
				ALWAYS_SEARCH_USER_PATHS = NO;
				CLANG_ANALYZER_NONNULL = YES;
				CLANG_ANALYZER_NUMBER_OBJECT_CONVERSION = YES_AGGRESSIVE;
				CLANG_CXX_LANGUAGE_STANDARD = "gnu++14";
				CLANG_CXX_LIBRARY = "libc++";
				CLANG_ENABLE_MODULES = YES;
				CLANG_ENABLE_OBJC_ARC = YES;
				CLANG_ENABLE_OBJC_WEAK = YES;
				CLANG_WARN_BLOCK_CAPTURE_AUTORELEASING = YES;
				CLANG_WARN_BOOL_CONVERSION = YES;
				CLANG_WARN_COMMA = YES;
				CLANG_WARN_CONSTANT_CONVERSION = YES;
				CLANG_WARN_DEPRECATED_OBJC_IMPLEMENTATIONS = YES;
				CLANG_WARN_DIRECT_OBJC_ISA_USAGE = YES_ERROR;
				CLANG_WARN_DOCUMENTATION_COMMENTS = YES;
				CLANG_WARN_EMPTY_BODY = YES;
				CLANG_WARN_ENUM_CONVERSION = YES;
				CLANG_WARN_INFINITE_RECURSION = YES;
				CLANG_WARN_INT_CONVERSION = YES;
				CLANG_WARN_NON_LITERAL_NULL_CONVERSION = YES;
				CLANG_WARN_OBJC_IMPLICIT_RETAIN_SELF = YES;
				CLANG_WARN_OBJC_LITERAL_CONVERSION = YES;
				CLANG_WARN_OBJC_ROOT_CLASS = YES_ERROR;
				CLANG_WARN_QUOTED_INCLUDE_IN_FRAMEWORK_HEADER = YES;
				CLANG_WARN_RANGE_LOOP_ANALYSIS = YES;
				CLANG_WARN_STRICT_PROTOTYPES = YES;
				CLANG_WARN_SUSPICIOUS_MOVE = YES;
				CLANG_WARN_UNGUARDED_AVAILABILITY = YES_AGGRESSIVE;
				CLANG_WARN_UNREACHABLE_CODE = YES;
				CLANG_WARN__DUPLICATE_METHOD_MATCH = YES;
				COPY_PHASE_STRIP = NO;
				DEAD_CODE_STRIPPING = YES;
				DEBUG_INFORMATION_FORMAT = "dwarf-with-dsym";
				ENABLE_NS_ASSERTIONS = NO;
				ENABLE_STRICT_OBJC_MSGSEND = YES;
				GCC_C_LANGUAGE_STANDARD = gnu11;
				GCC_NO_COMMON_BLOCKS = YES;
				GCC_WARN_64_TO_32_BIT_CONVERSION = YES;
				GCC_WARN_ABOUT_RETURN_TYPE = YES_ERROR;
				GCC_WARN_UNDECLARED_SELECTOR = YES;
				GCC_WARN_UNINITIALIZED_AUTOS = YES_AGGRESSIVE;
				GCC_WARN_UNUSED_FUNCTION = YES;
				GCC_WARN_UNUSED_VARIABLE = YES;
				MACOSX_DEPLOYMENT_TARGET = 11.0;
				MTL_ENABLE_DEBUG_INFO = NO;
				MTL_FAST_MATH = YES;
				SDKROOT = macosx;
				SWIFT_COMPILATION_MODE = wholemodule;
				SWIFT_OPTIMIZATION_LEVEL = "-O";
			};
			name = Release;
		};
		B5872B86264A16E9001755F6 /* Debug */ = {
			isa = XCBuildConfiguration;
			buildSettings = {
				ASSETCATALOG_COMPILER_APPICON_NAME = AppIcon;
				ASSETCATALOG_COMPILER_GLOBAL_ACCENT_COLOR_NAME = AccentColor;
				CODE_SIGN_ENTITLEMENTS = Watcher/Resources/Watcher.entitlements;
				CODE_SIGN_IDENTITY = "-";
				CODE_SIGN_STYLE = Automatic;
				COMBINE_HIDPI_IMAGES = YES;
				DEAD_CODE_STRIPPING = YES;
				DEVELOPMENT_ASSET_PATHS = "\"Watcher/Resources/Preview Content\"";
				DEVELOPMENT_TEAM = YY6CWUX533;
				ENABLE_HARDENED_RUNTIME = YES;
				ENABLE_PREVIEWS = YES;
				INFOPLIST_FILE = Watcher/Resources/Info.plist;
				LD_RUNPATH_SEARCH_PATHS = (
					"$(inherited)",
					"@executable_path/../Frameworks",
				);
				MACOSX_DEPLOYMENT_TARGET = 11.0;
				PRODUCT_BUNDLE_IDENTIFIER = com.standalone.Watcher;
				PRODUCT_NAME = spuD;
				SWIFT_VERSION = 5.0;
			};
			name = Debug;
		};
		B5872B87264A16E9001755F6 /* Release */ = {
			isa = XCBuildConfiguration;
			buildSettings = {
				ASSETCATALOG_COMPILER_APPICON_NAME = AppIcon;
				ASSETCATALOG_COMPILER_GLOBAL_ACCENT_COLOR_NAME = AccentColor;
				CODE_SIGN_ENTITLEMENTS = Watcher/Resources/Watcher.entitlements;
				CODE_SIGN_IDENTITY = "-";
				CODE_SIGN_STYLE = Automatic;
				COMBINE_HIDPI_IMAGES = YES;
				DEAD_CODE_STRIPPING = YES;
				DEVELOPMENT_ASSET_PATHS = "\"Watcher/Resources/Preview Content\"";
				DEVELOPMENT_TEAM = YY6CWUX533;
				ENABLE_HARDENED_RUNTIME = YES;
				ENABLE_PREVIEWS = YES;
				INFOPLIST_FILE = Watcher/Resources/Info.plist;
				LD_RUNPATH_SEARCH_PATHS = (
					"$(inherited)",
					"@executable_path/../Frameworks",
				);
				MACOSX_DEPLOYMENT_TARGET = 11.0;
				PRODUCT_BUNDLE_IDENTIFIER = com.standalone.Watcher;
				PRODUCT_NAME = spuD;
				SWIFT_VERSION = 5.0;
			};
			name = Release;
		};
		B5872BAE264C7F41001755F6 /* Debug */ = {
			isa = XCBuildConfiguration;
			buildSettings = {
				ASSETCATALOG_COMPILER_APPICON_NAME = AppIcon;
				ASSETCATALOG_COMPILER_GLOBAL_ACCENT_COLOR_NAME = AccentColor;
				CODE_SIGN_STYLE = Automatic;
				DEVELOPMENT_ASSET_PATHS = "\"RemoteMonitor/Resources/Preview Content\"";
				DEVELOPMENT_TEAM = YY6CWUX533;
				ENABLE_PREVIEWS = YES;
				INFOPLIST_FILE = RemoteMonitor/Resources/Info.plist;
				IPHONEOS_DEPLOYMENT_TARGET = 15.0;
				LD_RUNPATH_SEARCH_PATHS = (
					"$(inherited)",
					"@executable_path/Frameworks",
				);
				PRODUCT_BUNDLE_IDENTIFIER = com.standalone.Monitor;
				PRODUCT_MODULE_NAME = Watcher;
				PRODUCT_NAME = "$(TARGET_NAME)";
				SDKROOT = iphoneos;
				SWIFT_VERSION = 5.0;
				TARGETED_DEVICE_FAMILY = "1,2";
			};
			name = Debug;
		};
		B5872BAF264C7F41001755F6 /* Release */ = {
			isa = XCBuildConfiguration;
			buildSettings = {
				ASSETCATALOG_COMPILER_APPICON_NAME = AppIcon;
				ASSETCATALOG_COMPILER_GLOBAL_ACCENT_COLOR_NAME = AccentColor;
				CODE_SIGN_STYLE = Automatic;
				DEVELOPMENT_ASSET_PATHS = "\"RemoteMonitor/Resources/Preview Content\"";
				DEVELOPMENT_TEAM = YY6CWUX533;
				ENABLE_PREVIEWS = YES;
				INFOPLIST_FILE = RemoteMonitor/Resources/Info.plist;
				IPHONEOS_DEPLOYMENT_TARGET = 15.0;
				LD_RUNPATH_SEARCH_PATHS = (
					"$(inherited)",
					"@executable_path/Frameworks",
				);
				PRODUCT_BUNDLE_IDENTIFIER = com.standalone.Monitor;
				PRODUCT_MODULE_NAME = Watcher;
				PRODUCT_NAME = "$(TARGET_NAME)";
				SDKROOT = iphoneos;
				SWIFT_VERSION = 5.0;
				TARGETED_DEVICE_FAMILY = "1,2";
				VALIDATE_PRODUCT = YES;
			};
			name = Release;
		};
/* End XCBuildConfiguration section */

/* Begin XCConfigurationList section */
		B578F017290417E900C19E46 /* Build configuration list for PBXNativeTarget "LocalMonitor" */ = {
			isa = XCConfigurationList;
			buildConfigurations = (
				B578F018290417E900C19E46 /* Debug */,
				B578F019290417E900C19E46 /* Release */,
			);
			defaultConfigurationIsVisible = 0;
			defaultConfigurationName = Release;
		};
		B5872B6D264A16E8001755F6 /* Build configuration list for PBXProject "Watcher" */ = {
			isa = XCConfigurationList;
			buildConfigurations = (
				B5872B83264A16E9001755F6 /* Debug */,
				B5872B84264A16E9001755F6 /* Release */,
			);
			defaultConfigurationIsVisible = 0;
			defaultConfigurationName = Release;
		};
		B5872B85264A16E9001755F6 /* Build configuration list for PBXNativeTarget "Watcher" */ = {
			isa = XCConfigurationList;
			buildConfigurations = (
				B5872B86264A16E9001755F6 /* Debug */,
				B5872B87264A16E9001755F6 /* Release */,
			);
			defaultConfigurationIsVisible = 0;
			defaultConfigurationName = Release;
		};
		B5872BAD264C7F41001755F6 /* Build configuration list for PBXNativeTarget "RemoteMonitor" */ = {
			isa = XCConfigurationList;
			buildConfigurations = (
				B5872BAE264C7F41001755F6 /* Debug */,
				B5872BAF264C7F41001755F6 /* Release */,
			);
			defaultConfigurationIsVisible = 0;
			defaultConfigurationName = Release;
		};
/* End XCConfigurationList section */

/* Begin XCRemoteSwiftPackageReference section */
		B5585835264A991E00A91281 /* XCRemoteSwiftPackageReference "nearby" */ = {
			isa = XCRemoteSwiftPackageReference;
			repositoryURL = "https://github.com/bengottlieb/nearby";
			requirement = {
				kind = upToNextMajorVersion;
				minimumVersion = 0.9.7;
			};
		};
		B5872B8A264A1717001755F6 /* XCRemoteSwiftPackageReference "suite" */ = {
			isa = XCRemoteSwiftPackageReference;
			repositoryURL = "https://github.com/bengottlieb/suite";
			requirement = {
				kind = upToNextMajorVersion;
				minimumVersion = 1.0.8;
			};
		};
		B5872BC2264CC20D001755F6 /* XCRemoteSwiftPackageReference "CrossPlatformKit" */ = {
			isa = XCRemoteSwiftPackageReference;
			repositoryURL = "https://github.com/bengottlieb/CrossPlatformKit";
			requirement = {
				kind = upToNextMajorVersion;
				minimumVersion = 1.0.3;
			};
		};
/* End XCRemoteSwiftPackageReference section */

/* Begin XCSwiftPackageProductDependency section */
		B5585836264A991E00A91281 /* Nearby */ = {
			isa = XCSwiftPackageProductDependency;
			package = B5585835264A991E00A91281 /* XCRemoteSwiftPackageReference "nearby" */;
			productName = Nearby;
		};
		B5872B8B264A1717001755F6 /* Suite */ = {
			isa = XCSwiftPackageProductDependency;
			package = B5872B8A264A1717001755F6 /* XCRemoteSwiftPackageReference "suite" */;
			productName = Suite;
		};
		B5872BB1264C7F5A001755F6 /* Suite */ = {
			isa = XCSwiftPackageProductDependency;
			package = B5872B8A264A1717001755F6 /* XCRemoteSwiftPackageReference "suite" */;
			productName = Suite;
		};
		B5872BB3264C7F62001755F6 /* Nearby */ = {
			isa = XCSwiftPackageProductDependency;
			package = B5585835264A991E00A91281 /* XCRemoteSwiftPackageReference "nearby" */;
			productName = Nearby;
		};
		B5872BC3264CC20D001755F6 /* CrossPlatformKit */ = {
			isa = XCSwiftPackageProductDependency;
			package = B5872BC2264CC20D001755F6 /* XCRemoteSwiftPackageReference "CrossPlatformKit" */;
			productName = CrossPlatformKit;
		};
		B5E92AB129060A2000F303B5 /* Suite */ = {
			isa = XCSwiftPackageProductDependency;
			package = B5872B8A264A1717001755F6 /* XCRemoteSwiftPackageReference "suite" */;
			productName = Suite;
		};
		B5E92AB329060A3700F303B5 /* Nearby */ = {
			isa = XCSwiftPackageProductDependency;
			package = B5585835264A991E00A91281 /* XCRemoteSwiftPackageReference "nearby" */;
			productName = Nearby;
		};
		B5E92AB529060A5300F303B5 /* CrossPlatformKit */ = {
			isa = XCSwiftPackageProductDependency;
			package = B5872BC2264CC20D001755F6 /* XCRemoteSwiftPackageReference "CrossPlatformKit" */;
			productName = CrossPlatformKit;
		};
/* End XCSwiftPackageProductDependency section */
	};
	rootObject = B5872B6A264A16E8001755F6 /* Project object */;
}
