{
  "object": {
    "pins": [
      {
        "package": "CrossPlatformKit",
        "repositoryURL": "https://github.com/bengottlieb/CrossPlatformKit",
        "state": {
          "branch": null,
          "revision": "70be1d15f37a0c084ab6115abf547ee846628e99",
          "version": "1.0.3"
        }
      },
      {
        "package": "Suite",
        "repositoryURL": "https://github.com/bengottlieb/suite",
        "state": {
          "branch": null,
          "revision": "9874e3dddb8d1170961129b2274e2115d822947e",
          "version": "0.10.54"
        }
      }
    ]
  },
  "version": 1
}
