{
  "object": {
    "pins": [
      {
        "package": "CrossPlatformKit",
        "repositoryURL": "https://github.com/bengottlieb/CrossPlatformKit",
        "state": {
          "branch": null,
          "revision": "70be1d15f37a0c084ab6115abf547ee846628e99",
          "version": "1.0.3"
        }
      },
      {
        "package": "Suite",
        "repositoryURL": "https://github.com/bengottlieb/suite",
        "state": {
          "branch": null,
          "revision": "04b37ffcfc4113798035e89b3808905fd1d170f2",
          "version": "0.10.55"
        }
      }
    ]
  },
  "version": 1
}
